// !$*UTF8*$!
{
	archiveVersion = 1;
	classes = {
	};
	objectVersion = 56;
	objects = {

/* Begin PBXBuildFile section */
		042EF9A12A4A7395008A5017 /* FourthStepView.swift in Sources */ = {isa = PBXBuildFile; fileRef = 042EF9A02A4A7394008A5017 /* FourthStepView.swift */; };
		042EF9A32A4A73E9008A5017 /* FifthStepView.swift in Sources */ = {isa = PBXBuildFile; fileRef = 042EF9A22A4A73E9008A5017 /* FifthStepView.swift */; };
		042EF9A52A4A7C94008A5017 /* .gitattributes in Resources */ = {isa = PBXBuildFile; fileRef = 042EF9A42A4A7C94008A5017 /* .gitattributes */; };
		044A36FE2A4716A700A5DD11 /* FirstProjectApp.swift in Sources */ = {isa = PBXBuildFile; fileRef = 044A36FD2A4716A700A5DD11 /* FirstProjectApp.swift */; };
		044A37002A4716A700A5DD11 /* ContentView.swift in Sources */ = {isa = PBXBuildFile; fileRef = 044A36FF2A4716A700A5DD11 /* ContentView.swift */; };
		044A37022A4716AA00A5DD11 /* Assets.xcassets in Resources */ = {isa = PBXBuildFile; fileRef = 044A37012A4716AA00A5DD11 /* Assets.xcassets */; };
		044A37052A4716AA00A5DD11 /* Preview Assets.xcassets in Resources */ = {isa = PBXBuildFile; fileRef = 044A37042A4716AA00A5DD11 /* Preview Assets.xcassets */; };
		044A370F2A4716AA00A5DD11 /* FirstProjectTests.swift in Sources */ = {isa = PBXBuildFile; fileRef = 044A370E2A4716AA00A5DD11 /* FirstProjectTests.swift */; };
		044A37192A4716AA00A5DD11 /* FirstProjectUITests.swift in Sources */ = {isa = PBXBuildFile; fileRef = 044A37182A4716AA00A5DD11 /* FirstProjectUITests.swift */; };
		044A371B2A4716AA00A5DD11 /* FirstProjectUITestsLaunchTests.swift in Sources */ = {isa = PBXBuildFile; fileRef = 044A371A2A4716AA00A5DD11 /* FirstProjectUITestsLaunchTests.swift */; };
		044A37292A4716D100A5DD11 /* MainView.swift in Sources */ = {isa = PBXBuildFile; fileRef = 044A37282A4716D100A5DD11 /* MainView.swift */; };
		044A372B2A4716DC00A5DD11 /* firstLoginView.swift in Sources */ = {isa = PBXBuildFile; fileRef = 044A372A2A4716DC00A5DD11 /* firstLoginView.swift */; };
		044A372E2A4716F900A5DD11 /* FirstStepView.swift in Sources */ = {isa = PBXBuildFile; fileRef = 044A372D2A4716F900A5DD11 /* FirstStepView.swift */; };
		044A37302A47170700A5DD11 /* SecondStepView.swift in Sources */ = {isa = PBXBuildFile; fileRef = 044A372F2A47170700A5DD11 /* SecondStepView.swift */; };
		044A37322A47171100A5DD11 /* ThirdStepView.swift in Sources */ = {isa = PBXBuildFile; fileRef = 044A37312A47171100A5DD11 /* ThirdStepView.swift */; };
		044A37392A47174900A5DD11 /* TapView.swift in Sources */ = {isa = PBXBuildFile; fileRef = 044A37382A47174900A5DD11 /* TapView.swift */; };
		044A373B2A47175400A5DD11 /* DiaryView.swift in Sources */ = {isa = PBXBuildFile; fileRef = 044A373A2A47175400A5DD11 /* DiaryView.swift */; };
		044A373D2A47176500A5DD11 /* DiaryWater.swift in Sources */ = {isa = PBXBuildFile; fileRef = 044A373C2A47176500A5DD11 /* DiaryWater.swift */; };
		044A373F2A47177300A5DD11 /* DiaryHealth.swift in Sources */ = {isa = PBXBuildFile; fileRef = 044A373E2A47177300A5DD11 /* DiaryHealth.swift */; };
		044A37412A47178700A5DD11 /* DiaryViewpr.swift in Sources */ = {isa = PBXBuildFile; fileRef = 044A37402A47178700A5DD11 /* DiaryViewpr.swift */; };
		044A37432A47179200A5DD11 /* DiaryTitleView.swift in Sources */ = {isa = PBXBuildFile; fileRef = 044A37422A47179200A5DD11 /* DiaryTitleView.swift */; };
		044A37452A47179F00A5DD11 /* PlusView.swift in Sources */ = {isa = PBXBuildFile; fileRef = 044A37442A47179F00A5DD11 /* PlusView.swift */; };
		044A37482A4717BA00A5DD11 /* PickerData.swift in Sources */ = {isa = PBXBuildFile; fileRef = 044A37472A4717BA00A5DD11 /* PickerData.swift */; };
		044A374A2A4717C400A5DD11 /* HeightPickerData.swift in Sources */ = {isa = PBXBuildFile; fileRef = 044A37492A4717C400A5DD11 /* HeightPickerData.swift */; };
		044A374C2A4717D000A5DD11 /* Color+hex.swift in Sources */ = {isa = PBXBuildFile; fileRef = 044A374B2A4717D000A5DD11 /* Color+hex.swift */; };
		044A37512A472D5500A5DD11 /* BreakfastView.swift in Sources */ = {isa = PBXBuildFile; fileRef = 044A37502A472D5500A5DD11 /* BreakfastView.swift */; };
		044A37532A47352B00A5DD11 /* BreakfastView2.swift in Sources */ = {isa = PBXBuildFile; fileRef = 044A37522A47352B00A5DD11 /* BreakfastView2.swift */; };
		044A37552A47FC6500A5DD11 /* BreakfastView3.swift in Sources */ = {isa = PBXBuildFile; fileRef = 044A37542A47FC6500A5DD11 /* BreakfastView3.swift */; };
		044A37572A47FE0500A5DD11 /* BreakfastView4.swift in Sources */ = {isa = PBXBuildFile; fileRef = 044A37562A47FE0500A5DD11 /* BreakfastView4.swift */; };
		044A375A2A491F8700A5DD11 /* TakeOurTest.swift in Sources */ = {isa = PBXBuildFile; fileRef = 044A37592A491F8700A5DD11 /* TakeOurTest.swift */; };
		044A375C2A4922BB00A5DD11 /* TakeOurTest1.swift in Sources */ = {isa = PBXBuildFile; fileRef = 044A375B2A4922BB00A5DD11 /* TakeOurTest1.swift */; };
		044A375E2A49271C00A5DD11 /* TakeOurTest2.swift in Sources */ = {isa = PBXBuildFile; fileRef = 044A375D2A49271C00A5DD11 /* TakeOurTest2.swift */; };
/* End PBXBuildFile section */

/* Begin PBXContainerItemProxy section */
		044A370B2A4716AA00A5DD11 /* PBXContainerItemProxy */ = {
			isa = PBXContainerItemProxy;
			containerPortal = 044A36F22A4716A700A5DD11 /* Project object */;
			proxyType = 1;
			remoteGlobalIDString = 044A36F92A4716A700A5DD11;
			remoteInfo = FirstProject;
		};
		044A37152A4716AA00A5DD11 /* PBXContainerItemProxy */ = {
			isa = PBXContainerItemProxy;
			containerPortal = 044A36F22A4716A700A5DD11 /* Project object */;
			proxyType = 1;
			remoteGlobalIDString = 044A36F92A4716A700A5DD11;
			remoteInfo = FirstProject;
		};
/* End PBXContainerItemProxy section */

/* Begin PBXFileReference section */
		042EF9A02A4A7394008A5017 /* FourthStepView.swift */ = {isa = PBXFileReference; lastKnownFileType = sourcecode.swift; path = FourthStepView.swift; sourceTree = "<group>"; };
		042EF9A22A4A73E9008A5017 /* FifthStepView.swift */ = {isa = PBXFileReference; lastKnownFileType = sourcecode.swift; path = FifthStepView.swift; sourceTree = "<group>"; };
		042EF9A42A4A7C94008A5017 /* .gitattributes */ = {isa = PBXFileReference; lastKnownFileType = text; path = .gitattributes; sourceTree = "<group>"; };
		044A36FA2A4716A700A5DD11 /* FirstProject.app */ = {isa = PBXFileReference; explicitFileType = wrapper.application; includeInIndex = 0; path = FirstProject.app; sourceTree = BUILT_PRODUCTS_DIR; };
		044A36FD2A4716A700A5DD11 /* FirstProjectApp.swift */ = {isa = PBXFileReference; lastKnownFileType = sourcecode.swift; path = FirstProjectApp.swift; sourceTree = "<group>"; };
		044A36FF2A4716A700A5DD11 /* ContentView.swift */ = {isa = PBXFileReference; lastKnownFileType = sourcecode.swift; path = ContentView.swift; sourceTree = "<group>"; };
		044A37012A4716AA00A5DD11 /* Assets.xcassets */ = {isa = PBXFileReference; lastKnownFileType = folder.assetcatalog; path = Assets.xcassets; sourceTree = "<group>"; };
		044A37042A4716AA00A5DD11 /* Preview Assets.xcassets */ = {isa = PBXFileReference; lastKnownFileType = folder.assetcatalog; path = "Preview Assets.xcassets"; sourceTree = "<group>"; };
		044A370A2A4716AA00A5DD11 /* FirstProjectTests.xctest */ = {isa = PBXFileReference; explicitFileType = wrapper.cfbundle; includeInIndex = 0; path = FirstProjectTests.xctest; sourceTree = BUILT_PRODUCTS_DIR; };
		044A370E2A4716AA00A5DD11 /* FirstProjectTests.swift */ = {isa = PBXFileReference; lastKnownFileType = sourcecode.swift; path = FirstProjectTests.swift; sourceTree = "<group>"; };
		044A37142A4716AA00A5DD11 /* FirstProjectUITests.xctest */ = {isa = PBXFileReference; explicitFileType = wrapper.cfbundle; includeInIndex = 0; path = FirstProjectUITests.xctest; sourceTree = BUILT_PRODUCTS_DIR; };
		044A37182A4716AA00A5DD11 /* FirstProjectUITests.swift */ = {isa = PBXFileReference; lastKnownFileType = sourcecode.swift; path = FirstProjectUITests.swift; sourceTree = "<group>"; };
		044A371A2A4716AA00A5DD11 /* FirstProjectUITestsLaunchTests.swift */ = {isa = PBXFileReference; lastKnownFileType = sourcecode.swift; path = FirstProjectUITestsLaunchTests.swift; sourceTree = "<group>"; };
		044A37282A4716D100A5DD11 /* MainView.swift */ = {isa = PBXFileReference; lastKnownFileType = sourcecode.swift; path = MainView.swift; sourceTree = "<group>"; };
		044A372A2A4716DC00A5DD11 /* firstLoginView.swift */ = {isa = PBXFileReference; lastKnownFileType = sourcecode.swift; path = firstLoginView.swift; sourceTree = "<group>"; };
		044A372D2A4716F900A5DD11 /* FirstStepView.swift */ = {isa = PBXFileReference; lastKnownFileType = sourcecode.swift; path = FirstStepView.swift; sourceTree = "<group>"; };
		044A372F2A47170700A5DD11 /* SecondStepView.swift */ = {isa = PBXFileReference; lastKnownFileType = sourcecode.swift; path = SecondStepView.swift; sourceTree = "<group>"; };
		044A37312A47171100A5DD11 /* ThirdStepView.swift */ = {isa = PBXFileReference; lastKnownFileType = sourcecode.swift; path = ThirdStepView.swift; sourceTree = "<group>"; };
		044A37382A47174900A5DD11 /* TapView.swift */ = {isa = PBXFileReference; lastKnownFileType = sourcecode.swift; path = TapView.swift; sourceTree = "<group>"; };
		044A373A2A47175400A5DD11 /* DiaryView.swift */ = {isa = PBXFileReference; lastKnownFileType = sourcecode.swift; path = DiaryView.swift; sourceTree = "<group>"; };
		044A373C2A47176500A5DD11 /* DiaryWater.swift */ = {isa = PBXFileReference; lastKnownFileType = sourcecode.swift; path = DiaryWater.swift; sourceTree = "<group>"; };
		044A373E2A47177300A5DD11 /* DiaryHealth.swift */ = {isa = PBXFileReference; lastKnownFileType = sourcecode.swift; path = DiaryHealth.swift; sourceTree = "<group>"; };
		044A37402A47178700A5DD11 /* DiaryViewpr.swift */ = {isa = PBXFileReference; lastKnownFileType = sourcecode.swift; path = DiaryViewpr.swift; sourceTree = "<group>"; };
		044A37422A47179200A5DD11 /* DiaryTitleView.swift */ = {isa = PBXFileReference; lastKnownFileType = sourcecode.swift; path = DiaryTitleView.swift; sourceTree = "<group>"; };
		044A37442A47179F00A5DD11 /* PlusView.swift */ = {isa = PBXFileReference; lastKnownFileType = sourcecode.swift; path = PlusView.swift; sourceTree = "<group>"; };
		044A37472A4717BA00A5DD11 /* PickerData.swift */ = {isa = PBXFileReference; lastKnownFileType = sourcecode.swift; path = PickerData.swift; sourceTree = "<group>"; };
		044A37492A4717C400A5DD11 /* HeightPickerData.swift */ = {isa = PBXFileReference; lastKnownFileType = sourcecode.swift; path = HeightPickerData.swift; sourceTree = "<group>"; };
		044A374B2A4717D000A5DD11 /* Color+hex.swift */ = {isa = PBXFileReference; lastKnownFileType = sourcecode.swift; path = "Color+hex.swift"; sourceTree = "<group>"; };
		044A37502A472D5500A5DD11 /* BreakfastView.swift */ = {isa = PBXFileReference; lastKnownFileType = sourcecode.swift; path = BreakfastView.swift; sourceTree = "<group>"; };
		044A37522A47352B00A5DD11 /* BreakfastView2.swift */ = {isa = PBXFileReference; lastKnownFileType = sourcecode.swift; path = BreakfastView2.swift; sourceTree = "<group>"; };
		044A37542A47FC6500A5DD11 /* BreakfastView3.swift */ = {isa = PBXFileReference; lastKnownFileType = sourcecode.swift; path = BreakfastView3.swift; sourceTree = "<group>"; };
		044A37562A47FE0500A5DD11 /* BreakfastView4.swift */ = {isa = PBXFileReference; lastKnownFileType = sourcecode.swift; path = BreakfastView4.swift; sourceTree = "<group>"; };
		044A37592A491F8700A5DD11 /* TakeOurTest.swift */ = {isa = PBXFileReference; lastKnownFileType = sourcecode.swift; path = TakeOurTest.swift; sourceTree = "<group>"; };
		044A375B2A4922BB00A5DD11 /* TakeOurTest1.swift */ = {isa = PBXFileReference; lastKnownFileType = sourcecode.swift; path = TakeOurTest1.swift; sourceTree = "<group>"; };
		044A375D2A49271C00A5DD11 /* TakeOurTest2.swift */ = {isa = PBXFileReference; lastKnownFileType = sourcecode.swift; path = TakeOurTest2.swift; sourceTree = "<group>"; };
/* End PBXFileReference section */

/* Begin PBXFrameworksBuildPhase section */
		044A36F72A4716A700A5DD11 /* Frameworks */ = {
			isa = PBXFrameworksBuildPhase;
			buildActionMask = 2147483647;
			files = (
			);
			runOnlyForDeploymentPostprocessing = 0;
		};
		044A37072A4716AA00A5DD11 /* Frameworks */ = {
			isa = PBXFrameworksBuildPhase;
			buildActionMask = 2147483647;
			files = (
			);
			runOnlyForDeploymentPostprocessing = 0;
		};
		044A37112A4716AA00A5DD11 /* Frameworks */ = {
			isa = PBXFrameworksBuildPhase;
			buildActionMask = 2147483647;
			files = (
			);
			runOnlyForDeploymentPostprocessing = 0;
		};
/* End PBXFrameworksBuildPhase section */

/* Begin PBXGroup section */
		044A36F12A4716A700A5DD11 = {
			isa = PBXGroup;
			children = (
				042EF9A42A4A7C94008A5017 /* .gitattributes */,
				044A36FC2A4716A700A5DD11 /* FirstProject */,
				044A370D2A4716AA00A5DD11 /* FirstProjectTests */,
				044A37172A4716AA00A5DD11 /* FirstProjectUITests */,
				044A36FB2A4716A700A5DD11 /* Products */,
			);
			sourceTree = "<group>";
		};
		044A36FB2A4716A700A5DD11 /* Products */ = {
			isa = PBXGroup;
			children = (
				044A36FA2A4716A700A5DD11 /* FirstProject.app */,
				044A370A2A4716AA00A5DD11 /* FirstProjectTests.xctest */,
				044A37142A4716AA00A5DD11 /* FirstProjectUITests.xctest */,
			);
			name = Products;
			sourceTree = "<group>";
		};
		044A36FC2A4716A700A5DD11 /* FirstProject */ = {
			isa = PBXGroup;
			children = (
				044A36FD2A4716A700A5DD11 /* FirstProjectApp.swift */,
				044A36FF2A4716A700A5DD11 /* ContentView.swift */,
				044A37012A4716AA00A5DD11 /* Assets.xcassets */,
				044A37272A4716BF00A5DD11 /* FirstView */,
				044A372C2A4716E600A5DD11 /* StepView */,
				044A37372A47173900A5DD11 /* DiaryVieww */,
				044A374F2A472D1300A5DD11 /* SmallView */,
				044A37462A4717AC00A5DD11 /* Data */,
				044A37582A491F6B00A5DD11 /* Diets */,
				044A37032A4716AA00A5DD11 /* Preview Content */,
			);
			path = FirstProject;
			sourceTree = "<group>";
		};
		044A37032A4716AA00A5DD11 /* Preview Content */ = {
			isa = PBXGroup;
			children = (
				044A37042A4716AA00A5DD11 /* Preview Assets.xcassets */,
			);
			path = "Preview Content";
			sourceTree = "<group>";
		};
		044A370D2A4716AA00A5DD11 /* FirstProjectTests */ = {
			isa = PBXGroup;
			children = (
				044A370E2A4716AA00A5DD11 /* FirstProjectTests.swift */,
			);
			path = FirstProjectTests;
			sourceTree = "<group>";
		};
		044A37172A4716AA00A5DD11 /* FirstProjectUITests */ = {
			isa = PBXGroup;
			children = (
				044A37182A4716AA00A5DD11 /* FirstProjectUITests.swift */,
				044A371A2A4716AA00A5DD11 /* FirstProjectUITestsLaunchTests.swift */,
			);
			path = FirstProjectUITests;
			sourceTree = "<group>";
		};
		044A37272A4716BF00A5DD11 /* FirstView */ = {
			isa = PBXGroup;
			children = (
				044A37282A4716D100A5DD11 /* MainView.swift */,
				044A372A2A4716DC00A5DD11 /* firstLoginView.swift */,
			);
			path = FirstView;
			sourceTree = "<group>";
		};
		044A372C2A4716E600A5DD11 /* StepView */ = {
			isa = PBXGroup;
			children = (
				044A372D2A4716F900A5DD11 /* FirstStepView.swift */,
				044A372F2A47170700A5DD11 /* SecondStepView.swift */,
				044A37312A47171100A5DD11 /* ThirdStepView.swift */,
				042EF9A02A4A7394008A5017 /* FourthStepView.swift */,
				042EF9A22A4A73E9008A5017 /* FifthStepView.swift */,
			);
			path = StepView;
			sourceTree = "<group>";
		};
		044A37372A47173900A5DD11 /* DiaryVieww */ = {
			isa = PBXGroup;
			children = (
				044A37382A47174900A5DD11 /* TapView.swift */,
				044A373A2A47175400A5DD11 /* DiaryView.swift */,
				044A373E2A47177300A5DD11 /* DiaryHealth.swift */,
				044A37402A47178700A5DD11 /* DiaryViewpr.swift */,
				044A37422A47179200A5DD11 /* DiaryTitleView.swift */,
				044A373C2A47176500A5DD11 /* DiaryWater.swift */,
				044A37442A47179F00A5DD11 /* PlusView.swift */,
			);
			path = DiaryVieww;
			sourceTree = "<group>";
		};
		044A37462A4717AC00A5DD11 /* Data */ = {
			isa = PBXGroup;
			children = (
				044A37472A4717BA00A5DD11 /* PickerData.swift */,
				044A37492A4717C400A5DD11 /* HeightPickerData.swift */,
				044A374B2A4717D000A5DD11 /* Color+hex.swift */,
			);
			path = Data;
			sourceTree = "<group>";
		};
		044A374F2A472D1300A5DD11 /* SmallView */ = {
			isa = PBXGroup;
			children = (
				044A37502A472D5500A5DD11 /* BreakfastView.swift */,
				044A37522A47352B00A5DD11 /* BreakfastView2.swift */,
				044A37542A47FC6500A5DD11 /* BreakfastView3.swift */,
				044A37562A47FE0500A5DD11 /* BreakfastView4.swift */,
			);
			path = SmallView;
			sourceTree = "<group>";
		};
		044A37582A491F6B00A5DD11 /* Diets */ = {
			isa = PBXGroup;
			children = (
				044A37592A491F8700A5DD11 /* TakeOurTest.swift */,
				044A375B2A4922BB00A5DD11 /* TakeOurTest1.swift */,
				044A375D2A49271C00A5DD11 /* TakeOurTest2.swift */,
			);
			path = Diets;
			sourceTree = "<group>";
		};
/* End PBXGroup section */

/* Begin PBXNativeTarget section */
		044A36F92A4716A700A5DD11 /* FirstProject */ = {
			isa = PBXNativeTarget;
			buildConfigurationList = 044A371E2A4716AA00A5DD11 /* Build configuration list for PBXNativeTarget "FirstProject" */;
			buildPhases = (
				044A36F62A4716A700A5DD11 /* Sources */,
				044A36F72A4716A700A5DD11 /* Frameworks */,
				044A36F82A4716A700A5DD11 /* Resources */,
			);
			buildRules = (
			);
			dependencies = (
			);
			name = FirstProject;
			productName = FirstProject;
			productReference = 044A36FA2A4716A700A5DD11 /* FirstProject.app */;
			productType = "com.apple.product-type.application";
		};
		044A37092A4716AA00A5DD11 /* FirstProjectTests */ = {
			isa = PBXNativeTarget;
			buildConfigurationList = 044A37212A4716AA00A5DD11 /* Build configuration list for PBXNativeTarget "FirstProjectTests" */;
			buildPhases = (
				044A37062A4716AA00A5DD11 /* Sources */,
				044A37072A4716AA00A5DD11 /* Frameworks */,
				044A37082A4716AA00A5DD11 /* Resources */,
			);
			buildRules = (
			);
			dependencies = (
				044A370C2A4716AA00A5DD11 /* PBXTargetDependency */,
			);
			name = FirstProjectTests;
			productName = FirstProjectTests;
			productReference = 044A370A2A4716AA00A5DD11 /* FirstProjectTests.xctest */;
			productType = "com.apple.product-type.bundle.unit-test";
		};
		044A37132A4716AA00A5DD11 /* FirstProjectUITests */ = {
			isa = PBXNativeTarget;
			buildConfigurationList = 044A37242A4716AA00A5DD11 /* Build configuration list for PBXNativeTarget "FirstProjectUITests" */;
			buildPhases = (
				044A37102A4716AA00A5DD11 /* Sources */,
				044A37112A4716AA00A5DD11 /* Frameworks */,
				044A37122A4716AA00A5DD11 /* Resources */,
			);
			buildRules = (
			);
			dependencies = (
				044A37162A4716AA00A5DD11 /* PBXTargetDependency */,
			);
			name = FirstProjectUITests;
			productName = FirstProjectUITests;
			productReference = 044A37142A4716AA00A5DD11 /* FirstProjectUITests.xctest */;
			productType = "com.apple.product-type.bundle.ui-testing";
		};
/* End PBXNativeTarget section */

/* Begin PBXProject section */
		044A36F22A4716A700A5DD11 /* Project object */ = {
			isa = PBXProject;
			attributes = {
				BuildIndependentTargetsInParallel = 1;
				LastSwiftUpdateCheck = 1430;
				LastUpgradeCheck = 1430;
				TargetAttributes = {
					044A36F92A4716A700A5DD11 = {
						CreatedOnToolsVersion = 14.3.1;
					};
					044A37092A4716AA00A5DD11 = {
						CreatedOnToolsVersion = 14.3.1;
						TestTargetID = 044A36F92A4716A700A5DD11;
					};
					044A37132A4716AA00A5DD11 = {
						CreatedOnToolsVersion = 14.3.1;
						TestTargetID = 044A36F92A4716A700A5DD11;
					};
				};
			};
			buildConfigurationList = 044A36F52A4716A700A5DD11 /* Build configuration list for PBXProject "FirstProject" */;
			compatibilityVersion = "Xcode 14.0";
			developmentRegion = en;
			hasScannedForEncodings = 0;
			knownRegions = (
				en,
				Base,
			);
			mainGroup = 044A36F12A4716A700A5DD11;
			productRefGroup = 044A36FB2A4716A700A5DD11 /* Products */;
			projectDirPath = "";
			projectRoot = "";
			targets = (
				044A36F92A4716A700A5DD11 /* FirstProject */,
				044A37092A4716AA00A5DD11 /* FirstProjectTests */,
				044A37132A4716AA00A5DD11 /* FirstProjectUITests */,
			);
		};
/* End PBXProject section */

/* Begin PBXResourcesBuildPhase section */
		044A36F82A4716A700A5DD11 /* Resources */ = {
			isa = PBXResourcesBuildPhase;
			buildActionMask = 2147483647;
			files = (
				044A37052A4716AA00A5DD11 /* Preview Assets.xcassets in Resources */,
				042EF9A52A4A7C94008A5017 /* .gitattributes in Resources */,
				044A37022A4716AA00A5DD11 /* Assets.xcassets in Resources */,
			);
			runOnlyForDeploymentPostprocessing = 0;
		};
		044A37082A4716AA00A5DD11 /* Resources */ = {
			isa = PBXResourcesBuildPhase;
			buildActionMask = 2147483647;
			files = (
			);
			runOnlyForDeploymentPostprocessing = 0;
		};
		044A37122A4716AA00A5DD11 /* Resources */ = {
			isa = PBXResourcesBuildPhase;
			buildActionMask = 2147483647;
			files = (
			);
			runOnlyForDeploymentPostprocessing = 0;
		};
/* End PBXResourcesBuildPhase section */

/* Begin PBXSourcesBuildPhase section */
		044A36F62A4716A700A5DD11 /* Sources */ = {
			isa = PBXSourcesBuildPhase;
			buildActionMask = 2147483647;
			files = (
				042EF9A12A4A7395008A5017 /* FourthStepView.swift in Sources */,
				044A37412A47178700A5DD11 /* DiaryViewpr.swift in Sources */,
				044A373F2A47177300A5DD11 /* DiaryHealth.swift in Sources */,
				044A37302A47170700A5DD11 /* SecondStepView.swift in Sources */,
				044A37322A47171100A5DD11 /* ThirdStepView.swift in Sources */,
				044A374A2A4717C400A5DD11 /* HeightPickerData.swift in Sources */,
				044A37392A47174900A5DD11 /* TapView.swift in Sources */,
				044A374C2A4717D000A5DD11 /* Color+hex.swift in Sources */,
				042EF9A32A4A73E9008A5017 /* FifthStepView.swift in Sources */,
				044A37532A47352B00A5DD11 /* BreakfastView2.swift in Sources */,
				044A37002A4716A700A5DD11 /* ContentView.swift in Sources */,
				044A373B2A47175400A5DD11 /* DiaryView.swift in Sources */,
				044A375E2A49271C00A5DD11 /* TakeOurTest2.swift in Sources */,
				044A37452A47179F00A5DD11 /* PlusView.swift in Sources */,
				044A37292A4716D100A5DD11 /* MainView.swift in Sources */,
				044A37482A4717BA00A5DD11 /* PickerData.swift in Sources */,
				044A37572A47FE0500A5DD11 /* BreakfastView4.swift in Sources */,
				044A373D2A47176500A5DD11 /* DiaryWater.swift in Sources */,
				044A372E2A4716F900A5DD11 /* FirstStepView.swift in Sources */,
				044A36FE2A4716A700A5DD11 /* FirstProjectApp.swift in Sources */,
				044A37512A472D5500A5DD11 /* BreakfastView.swift in Sources */,
				044A372B2A4716DC00A5DD11 /* firstLoginView.swift in Sources */,
				044A375A2A491F8700A5DD11 /* TakeOurTest.swift in Sources */,
				044A37552A47FC6500A5DD11 /* BreakfastView3.swift in Sources */,
				044A37432A47179200A5DD11 /* DiaryTitleView.swift in Sources */,
				044A375C2A4922BB00A5DD11 /* TakeOurTest1.swift in Sources */,
			);
			runOnlyForDeploymentPostprocessing = 0;
		};
		044A37062A4716AA00A5DD11 /* Sources */ = {
			isa = PBXSourcesBuildPhase;
			buildActionMask = 2147483647;
			files = (
				044A370F2A4716AA00A5DD11 /* FirstProjectTests.swift in Sources */,
			);
			runOnlyForDeploymentPostprocessing = 0;
		};
		044A37102A4716AA00A5DD11 /* Sources */ = {
			isa = PBXSourcesBuildPhase;
			buildActionMask = 2147483647;
			files = (
				044A37192A4716AA00A5DD11 /* FirstProjectUITests.swift in Sources */,
				044A371B2A4716AA00A5DD11 /* FirstProjectUITestsLaunchTests.swift in Sources */,
			);
			runOnlyForDeploymentPostprocessing = 0;
		};
/* End PBXSourcesBuildPhase section */

/* Begin PBXTargetDependency section */
		044A370C2A4716AA00A5DD11 /* PBXTargetDependency */ = {
			isa = PBXTargetDependency;
			target = 044A36F92A4716A700A5DD11 /* FirstProject */;
			targetProxy = 044A370B2A4716AA00A5DD11 /* PBXContainerItemProxy */;
		};
		044A37162A4716AA00A5DD11 /* PBXTargetDependency */ = {
			isa = PBXTargetDependency;
			target = 044A36F92A4716A700A5DD11 /* FirstProject */;
			targetProxy = 044A37152A4716AA00A5DD11 /* PBXContainerItemProxy */;
		};
/* End PBXTargetDependency section */

/* Begin XCBuildConfiguration section */
		044A371C2A4716AA00A5DD11 /* Debug */ = {
			isa = XCBuildConfiguration;
			buildSettings = {
				ALWAYS_SEARCH_USER_PATHS = NO;
				CLANG_ANALYZER_NONNULL = YES;
				CLANG_ANALYZER_NUMBER_OBJECT_CONVERSION = YES_AGGRESSIVE;
				CLANG_CXX_LANGUAGE_STANDARD = "gnu++20";
				CLANG_ENABLE_MODULES = YES;
				CLANG_ENABLE_OBJC_ARC = YES;
				CLANG_ENABLE_OBJC_WEAK = YES;
				CLANG_WARN_BLOCK_CAPTURE_AUTORELEASING = YES;
				CLANG_WARN_BOOL_CONVERSION = YES;
				CLANG_WARN_COMMA = YES;
				CLANG_WARN_CONSTANT_CONVERSION = YES;
				CLANG_WARN_DEPRECATED_OBJC_IMPLEMENTATIONS = YES;
				CLANG_WARN_DIRECT_OBJC_ISA_USAGE = YES_ERROR;
				CLANG_WARN_DOCUMENTATION_COMMENTS = YES;
				CLANG_WARN_EMPTY_BODY = YES;
				CLANG_WARN_ENUM_CONVERSION = YES;
				CLANG_WARN_INFINITE_RECURSION = YES;
				CLANG_WARN_INT_CONVERSION = YES;
				CLANG_WARN_NON_LITERAL_NULL_CONVERSION = YES;
				CLANG_WARN_OBJC_IMPLICIT_RETAIN_SELF = YES;
				CLANG_WARN_OBJC_LITERAL_CONVERSION = YES;
				CLANG_WARN_OBJC_ROOT_CLASS = YES_ERROR;
				CLANG_WARN_QUOTED_INCLUDE_IN_FRAMEWORK_HEADER = YES;
				CLANG_WARN_RANGE_LOOP_ANALYSIS = YES;
				CLANG_WARN_STRICT_PROTOTYPES = YES;
				CLANG_WARN_SUSPICIOUS_MOVE = YES;
				CLANG_WARN_UNGUARDED_AVAILABILITY = YES_AGGRESSIVE;
				CLANG_WARN_UNREACHABLE_CODE = YES;
				CLANG_WARN__DUPLICATE_METHOD_MATCH = YES;
				COPY_PHASE_STRIP = NO;
				DEBUG_INFORMATION_FORMAT = dwarf;
				ENABLE_STRICT_OBJC_MSGSEND = YES;
				ENABLE_TESTABILITY = YES;
				GCC_C_LANGUAGE_STANDARD = gnu11;
				GCC_DYNAMIC_NO_PIC = NO;
				GCC_NO_COMMON_BLOCKS = YES;
				GCC_OPTIMIZATION_LEVEL = 0;
				GCC_PREPROCESSOR_DEFINITIONS = (
					"DEBUG=1",
					"$(inherited)",
				);
				GCC_WARN_64_TO_32_BIT_CONVERSION = YES;
				GCC_WARN_ABOUT_RETURN_TYPE = YES_ERROR;
				GCC_WARN_UNDECLARED_SELECTOR = YES;
				GCC_WARN_UNINITIALIZED_AUTOS = YES_AGGRESSIVE;
				GCC_WARN_UNUSED_FUNCTION = YES;
				GCC_WARN_UNUSED_VARIABLE = YES;
				IPHONEOS_DEPLOYMENT_TARGET = 16.4;
				MTL_ENABLE_DEBUG_INFO = INCLUDE_SOURCE;
				MTL_FAST_MATH = YES;
				ONLY_ACTIVE_ARCH = YES;
				SDKROOT = iphoneos;
				SWIFT_ACTIVE_COMPILATION_CONDITIONS = DEBUG;
				SWIFT_OPTIMIZATION_LEVEL = "-Onone";
			};
			name = Debug;
		};
		044A371D2A4716AA00A5DD11 /* Release */ = {
			isa = XCBuildConfiguration;
			buildSettings = {
				ALWAYS_SEARCH_USER_PATHS = NO;
				CLANG_ANALYZER_NONNULL = YES;
				CLANG_ANALYZER_NUMBER_OBJECT_CONVERSION = YES_AGGRESSIVE;
				CLANG_CXX_LANGUAGE_STANDARD = "gnu++20";
				CLANG_ENABLE_MODULES = YES;
				CLANG_ENABLE_OBJC_ARC = YES;
				CLANG_ENABLE_OBJC_WEAK = YES;
				CLANG_WARN_BLOCK_CAPTURE_AUTORELEASING = YES;
				CLANG_WARN_BOOL_CONVERSION = YES;
				CLANG_WARN_COMMA = YES;
				CLANG_WARN_CONSTANT_CONVERSION = YES;
				CLANG_WARN_DEPRECATED_OBJC_IMPLEMENTATIONS = YES;
				CLANG_WARN_DIRECT_OBJC_ISA_USAGE = YES_ERROR;
				CLANG_WARN_DOCUMENTATION_COMMENTS = YES;
				CLANG_WARN_EMPTY_BODY = YES;
				CLANG_WARN_ENUM_CONVERSION = YES;
				CLANG_WARN_INFINITE_RECURSION = YES;
				CLANG_WARN_INT_CONVERSION = YES;
				CLANG_WARN_NON_LITERAL_NULL_CONVERSION = YES;
				CLANG_WARN_OBJC_IMPLICIT_RETAIN_SELF = YES;
				CLANG_WARN_OBJC_LITERAL_CONVERSION = YES;
				CLANG_WARN_OBJC_ROOT_CLASS = YES_ERROR;
				CLANG_WARN_QUOTED_INCLUDE_IN_FRAMEWORK_HEADER = YES;
				CLANG_WARN_RANGE_LOOP_ANALYSIS = YES;
				CLANG_WARN_STRICT_PROTOTYPES = YES;
				CLANG_WARN_SUSPICIOUS_MOVE = YES;
				CLANG_WARN_UNGUARDED_AVAILABILITY = YES_AGGRESSIVE;
				CLANG_WARN_UNREACHABLE_CODE = YES;
				CLANG_WARN__DUPLICATE_METHOD_MATCH = YES;
				COPY_PHASE_STRIP = NO;
				DEBUG_INFORMATION_FORMAT = "dwarf-with-dsym";
				ENABLE_NS_ASSERTIONS = NO;
				ENABLE_STRICT_OBJC_MSGSEND = YES;
				GCC_C_LANGUAGE_STANDARD = gnu11;
				GCC_NO_COMMON_BLOCKS = YES;
				GCC_WARN_64_TO_32_BIT_CONVERSION = YES;
				GCC_WARN_ABOUT_RETURN_TYPE = YES_ERROR;
				GCC_WARN_UNDECLARED_SELECTOR = YES;
				GCC_WARN_UNINITIALIZED_AUTOS = YES_AGGRESSIVE;
				GCC_WARN_UNUSED_FUNCTION = YES;
				GCC_WARN_UNUSED_VARIABLE = YES;
				IPHONEOS_DEPLOYMENT_TARGET = 16.4;
				MTL_ENABLE_DEBUG_INFO = NO;
				MTL_FAST_MATH = YES;
				SDKROOT = iphoneos;
				SWIFT_COMPILATION_MODE = wholemodule;
				SWIFT_OPTIMIZATION_LEVEL = "-O";
				VALIDATE_PRODUCT = YES;
			};
			name = Release;
		};
		044A371F2A4716AA00A5DD11 /* Debug */ = {
			isa = XCBuildConfiguration;
			buildSettings = {
				ASSETCATALOG_COMPILER_APPICON_NAME = AppIcon;
				ASSETCATALOG_COMPILER_GLOBAL_ACCENT_COLOR_NAME = AccentColor;
				CODE_SIGN_STYLE = Automatic;
				CURRENT_PROJECT_VERSION = 1;
				DEVELOPMENT_ASSET_PATHS = "\"FirstProject/Preview Content\"";
				ENABLE_PREVIEWS = YES;
				GENERATE_INFOPLIST_FILE = YES;
				INFOPLIST_KEY_UIApplicationSceneManifest_Generation = YES;
				INFOPLIST_KEY_UIApplicationSupportsIndirectInputEvents = YES;
				INFOPLIST_KEY_UILaunchScreen_Generation = YES;
				INFOPLIST_KEY_UISupportedInterfaceOrientations_iPad = "UIInterfaceOrientationPortrait UIInterfaceOrientationPortraitUpsideDown UIInterfaceOrientationLandscapeLeft UIInterfaceOrientationLandscapeRight";
				INFOPLIST_KEY_UISupportedInterfaceOrientations_iPhone = "UIInterfaceOrientationPortrait UIInterfaceOrientationLandscapeLeft UIInterfaceOrientationLandscapeRight";
				LD_RUNPATH_SEARCH_PATHS = (
					"$(inherited)",
					"@executable_path/Frameworks",
				);
				MARKETING_VERSION = 1.0;
				PRODUCT_BUNDLE_IDENTIFIER = com.dasul.FirstProject;
				PRODUCT_NAME = "$(TARGET_NAME)";
				SWIFT_EMIT_LOC_STRINGS = YES;
				SWIFT_VERSION = 5.0;
				TARGETED_DEVICE_FAMILY = "1,2";
			};
			name = Debug;
		};
		044A37202A4716AA00A5DD11 /* Release */ = {
			isa = XCBuildConfiguration;
			buildSettings = {
				ASSETCATALOG_COMPILER_APPICON_NAME = AppIcon;
				ASSETCATALOG_COMPILER_GLOBAL_ACCENT_COLOR_NAME = AccentColor;
				CODE_SIGN_STYLE = Automatic;
				CURRENT_PROJECT_VERSION = 1;
				DEVELOPMENT_ASSET_PATHS = "\"FirstProject/Preview Content\"";
				ENABLE_PREVIEWS = YES;
				GENERATE_INFOPLIST_FILE = YES;
				INFOPLIST_KEY_UIApplicationSceneManifest_Generation = YES;
				INFOPLIST_KEY_UIApplicationSupportsIndirectInputEvents = YES;
				INFOPLIST_KEY_UILaunchScreen_Generation = YES;
				INFOPLIST_KEY_UISupportedInterfaceOrientations_iPad = "UIInterfaceOrientationPortrait UIInterfaceOrientationPortraitUpsideDown UIInterfaceOrientationLandscapeLeft UIInterfaceOrientationLandscapeRight";
				INFOPLIST_KEY_UISupportedInterfaceOrientations_iPhone = "UIInterfaceOrientationPortrait UIInterfaceOrientationLandscapeLeft UIInterfaceOrientationLandscapeRight";
				LD_RUNPATH_SEARCH_PATHS = (
					"$(inherited)",
					"@executable_path/Frameworks",
				);
				MARKETING_VERSION = 1.0;
				PRODUCT_BUNDLE_IDENTIFIER = com.dasul.FirstProject;
				PRODUCT_NAME = "$(TARGET_NAME)";
				SWIFT_EMIT_LOC_STRINGS = YES;
				SWIFT_VERSION = 5.0;
				TARGETED_DEVICE_FAMILY = "1,2";
			};
			name = Release;
		};
		044A37222A4716AA00A5DD11 /* Debug */ = {
			isa = XCBuildConfiguration;
			buildSettings = {
				ALWAYS_EMBED_SWIFT_STANDARD_LIBRARIES = YES;
				BUNDLE_LOADER = "$(TEST_HOST)";
				CODE_SIGN_STYLE = Automatic;
				CURRENT_PROJECT_VERSION = 1;
				GENERATE_INFOPLIST_FILE = YES;
				IPHONEOS_DEPLOYMENT_TARGET = 16.4;
				MARKETING_VERSION = 1.0;
				PRODUCT_BUNDLE_IDENTIFIER = com.dasul.FirstProjectTests;
				PRODUCT_NAME = "$(TARGET_NAME)";
				SWIFT_EMIT_LOC_STRINGS = NO;
				SWIFT_VERSION = 5.0;
				TARGETED_DEVICE_FAMILY = "1,2";
				TEST_HOST = "$(BUILT_PRODUCTS_DIR)/FirstProject.app/$(BUNDLE_EXECUTABLE_FOLDER_PATH)/FirstProject";
			};
			name = Debug;
		};
		044A37232A4716AA00A5DD11 /* Release */ = {
			isa = XCBuildConfiguration;
			buildSettings = {
				ALWAYS_EMBED_SWIFT_STANDARD_LIBRARIES = YES;
				BUNDLE_LOADER = "$(TEST_HOST)";
				CODE_SIGN_STYLE = Automatic;
				CURRENT_PROJECT_VERSION = 1;
				GENERATE_INFOPLIST_FILE = YES;
				IPHONEOS_DEPLOYMENT_TARGET = 16.4;
				MARKETING_VERSION = 1.0;
				PRODUCT_BUNDLE_IDENTIFIER = com.dasul.FirstProjectTests;
				PRODUCT_NAME = "$(TARGET_NAME)";
				SWIFT_EMIT_LOC_STRINGS = NO;
				SWIFT_VERSION = 5.0;
				TARGETED_DEVICE_FAMILY = "1,2";
				TEST_HOST = "$(BUILT_PRODUCTS_DIR)/FirstProject.app/$(BUNDLE_EXECUTABLE_FOLDER_PATH)/FirstProject";
			};
			name = Release;
		};
		044A37252A4716AA00A5DD11 /* Debug */ = {
			isa = XCBuildConfiguration;
			buildSettings = {
				ALWAYS_EMBED_SWIFT_STANDARD_LIBRARIES = YES;
				CODE_SIGN_STYLE = Automatic;
				CURRENT_PROJECT_VERSION = 1;
				GENERATE_INFOPLIST_FILE = YES;
				MARKETING_VERSION = 1.0;
				PRODUCT_BUNDLE_IDENTIFIER = com.dasul.FirstProjectUITests;
				PRODUCT_NAME = "$(TARGET_NAME)";
				SWIFT_EMIT_LOC_STRINGS = NO;
				SWIFT_VERSION = 5.0;
				TARGETED_DEVICE_FAMILY = "1,2";
				TEST_TARGET_NAME = FirstProject;
			};
			name = Debug;
		};
		044A37262A4716AA00A5DD11 /* Release */ = {
			isa = XCBuildConfiguration;
			buildSettings = {
				ALWAYS_EMBED_SWIFT_STANDARD_LIBRARIES = YES;
				CODE_SIGN_STYLE = Automatic;
				CURRENT_PROJECT_VERSION = 1;
				GENERATE_INFOPLIST_FILE = YES;
				MARKETING_VERSION = 1.0;
				PRODUCT_BUNDLE_IDENTIFIER = com.dasul.FirstProjectUITests;
				PRODUCT_NAME = "$(TARGET_NAME)";
				SWIFT_EMIT_LOC_STRINGS = NO;
				SWIFT_VERSION = 5.0;
				TARGETED_DEVICE_FAMILY = "1,2";
				TEST_TARGET_NAME = FirstProject;
			};
			name = Release;
		};
/* End XCBuildConfiguration section */

/* Begin XCConfigurationList section */
		044A36F52A4716A700A5DD11 /* Build configuration list for PBXProject "FirstProject" */ = {
			isa = XCConfigurationList;
			buildConfigurations = (
				044A371C2A4716AA00A5DD11 /* Debug */,
				044A371D2A4716AA00A5DD11 /* Release */,
			);
			defaultConfigurationIsVisible = 0;
			defaultConfigurationName = Release;
		};
		044A371E2A4716AA00A5DD11 /* Build configuration list for PBXNativeTarget "FirstProject" */ = {
			isa = XCConfigurationList;
			buildConfigurations = (
				044A371F2A4716AA00A5DD11 /* Debug */,
				044A37202A4716AA00A5DD11 /* Release */,
			);
			defaultConfigurationIsVisible = 0;
			defaultConfigurationName = Release;
		};
		044A37212A4716AA00A5DD11 /* Build configuration list for PBXNativeTarget "FirstProjectTests" */ = {
			isa = XCConfigurationList;
			buildConfigurations = (
				044A37222A4716AA00A5DD11 /* Debug */,
				044A37232A4716AA00A5DD11 /* Release */,
			);
			defaultConfigurationIsVisible = 0;
			defaultConfigurationName = Release;
		};
		044A37242A4716AA00A5DD11 /* Build configuration list for PBXNativeTarget "FirstProjectUITests" */ = {
			isa = XCConfigurationList;
			buildConfigurations = (
				044A37252A4716AA00A5DD11 /* Debug */,
				044A37262A4716AA00A5DD11 /* Release */,
			);
			defaultConfigurationIsVisible = 0;
			defaultConfigurationName = Release;
		};
/* End XCConfigurationList section */
	};
	rootObject = 044A36F22A4716A700A5DD11 /* Project object */;
}
