// !$*UTF8*$!
{
	archiveVersion = 1;
	classes = {
	};
	objectVersion = 56;
	objects = {

/* Begin PBXBuildFile section */
		0419CBB92A4BD34900A757E9 /* TakeOurTest3.swift in Sources */ = {isa = PBXBuildFile; fileRef = 0419CBB82A4BD34900A757E9 /* TakeOurTest3.swift */; };
		0419CBBE2A4E641300A757E9 /* SettingView1.swift in Sources */ = {isa = PBXBuildFile; fileRef = 0419CBBD2A4E641300A757E9 /* SettingView1.swift */; };
		0419CBC02A4E653D00A757E9 /* Profile.swift in Sources */ = {isa = PBXBuildFile; fileRef = 0419CBBF2A4E653D00A757E9 /* Profile.swift */; };
		0419CBC22A4E6A9D00A757E9 /* Customization.swift in Sources */ = {isa = PBXBuildFile; fileRef = 0419CBC12A4E6A9D00A757E9 /* Customization.swift */; };
		0419CBC42A4E797900A757E9 /* PersonalDetail.swift in Sources */ = {isa = PBXBuildFile; fileRef = 0419CBC32A4E797900A757E9 /* PersonalDetail.swift */; };
		0419CBC82A52508B00A757E9 /* FoodListView.swift in Sources */ = {isa = PBXBuildFile; fileRef = 0419CBC72A52508B00A757E9 /* FoodListView.swift */; };
		0419CBCC2A52748E00A757E9 /* Searchbar.swift in Sources */ = {isa = PBXBuildFile; fileRef = 0419CBCB2A52748E00A757E9 /* Searchbar.swift */; };
		0419CBCE2A52751200A757E9 /* SearchView.swift in Sources */ = {isa = PBXBuildFile; fileRef = 0419CBCD2A52751200A757E9 /* SearchView.swift */; };
		0419CBD02A54F68B00A757E9 /* weightPicker.swift in Sources */ = {isa = PBXBuildFile; fileRef = 0419CBCF2A54F68B00A757E9 /* weightPicker.swift */; };
		0419CBD22A55050500A757E9 /* ProfilePlus.swift in Sources */ = {isa = PBXBuildFile; fileRef = 0419CBD12A55050500A757E9 /* ProfilePlus.swift */; };
		0419CBD42A55063F00A757E9 /* ImagePicker.swift in Sources */ = {isa = PBXBuildFile; fileRef = 0419CBD32A55063F00A757E9 /* ImagePicker.swift */; };
		0419CBD72A55119500A757E9 /* DailyIntake.swift in Sources */ = {isa = PBXBuildFile; fileRef = 0419CBD62A55119500A757E9 /* DailyIntake.swift */; };
		042EF9A12A4A7395008A5017 /* FourthStepView.swift in Sources */ = {isa = PBXBuildFile; fileRef = 042EF9A02A4A7394008A5017 /* FourthStepView.swift */; };
		042EF9A32A4A73E9008A5017 /* FifthStepView.swift in Sources */ = {isa = PBXBuildFile; fileRef = 042EF9A22A4A73E9008A5017 /* FifthStepView.swift */; };
		042EF9A52A4A7C94008A5017 /* .gitattributes in Resources */ = {isa = PBXBuildFile; fileRef = 042EF9A42A4A7C94008A5017 /* .gitattributes */; };
		042EF9AA2A4A7F1F008A5017 /* SnackView.swift in Sources */ = {isa = PBXBuildFile; fileRef = 042EF9A92A4A7F1F008A5017 /* SnackView.swift */; };
		042EF9AC2A4A7F81008A5017 /* DinnerView.swift in Sources */ = {isa = PBXBuildFile; fileRef = 042EF9AB2A4A7F81008A5017 /* DinnerView.swift */; };
		042EF9AF2A4A7FBA008A5017 /* LunchView.swift in Sources */ = {isa = PBXBuildFile; fileRef = 042EF9AE2A4A7FBA008A5017 /* LunchView.swift */; };
		044A36FE2A4716A700A5DD11 /* FirstProjectApp.swift in Sources */ = {isa = PBXBuildFile; fileRef = 044A36FD2A4716A700A5DD11 /* FirstProjectApp.swift */; };
		044A37022A4716AA00A5DD11 /* Assets.xcassets in Resources */ = {isa = PBXBuildFile; fileRef = 044A37012A4716AA00A5DD11 /* Assets.xcassets */; };
		044A37052A4716AA00A5DD11 /* Preview Assets.xcassets in Resources */ = {isa = PBXBuildFile; fileRef = 044A37042A4716AA00A5DD11 /* Preview Assets.xcassets */; };
		044A370F2A4716AA00A5DD11 /* FirstProjectTests.swift in Sources */ = {isa = PBXBuildFile; fileRef = 044A370E2A4716AA00A5DD11 /* FirstProjectTests.swift */; };
		044A37192A4716AA00A5DD11 /* FirstProjectUITests.swift in Sources */ = {isa = PBXBuildFile; fileRef = 044A37182A4716AA00A5DD11 /* FirstProjectUITests.swift */; };
		044A371B2A4716AA00A5DD11 /* FirstProjectUITestsLaunchTests.swift in Sources */ = {isa = PBXBuildFile; fileRef = 044A371A2A4716AA00A5DD11 /* FirstProjectUITestsLaunchTests.swift */; };
		044A37292A4716D100A5DD11 /* MainView.swift in Sources */ = {isa = PBXBuildFile; fileRef = 044A37282A4716D100A5DD11 /* MainView.swift */; };
		044A372B2A4716DC00A5DD11 /* firstLoginView.swift in Sources */ = {isa = PBXBuildFile; fileRef = 044A372A2A4716DC00A5DD11 /* firstLoginView.swift */; };
		044A372E2A4716F900A5DD11 /* FirstStepView.swift in Sources */ = {isa = PBXBuildFile; fileRef = 044A372D2A4716F900A5DD11 /* FirstStepView.swift */; };
		044A37302A47170700A5DD11 /* SecondStepView.swift in Sources */ = {isa = PBXBuildFile; fileRef = 044A372F2A47170700A5DD11 /* SecondStepView.swift */; };
		044A37322A47171100A5DD11 /* ThirdStepView.swift in Sources */ = {isa = PBXBuildFile; fileRef = 044A37312A47171100A5DD11 /* ThirdStepView.swift */; };
		044A37392A47174900A5DD11 /* TapView.swift in Sources */ = {isa = PBXBuildFile; fileRef = 044A37382A47174900A5DD11 /* TapView.swift */; };
		044A373B2A47175400A5DD11 /* DiaryView.swift in Sources */ = {isa = PBXBuildFile; fileRef = 044A373A2A47175400A5DD11 /* DiaryView.swift */; };
		044A373D2A47176500A5DD11 /* DiaryWater.swift in Sources */ = {isa = PBXBuildFile; fileRef = 044A373C2A47176500A5DD11 /* DiaryWater.swift */; };
		044A373F2A47177300A5DD11 /* DiaryHealth.swift in Sources */ = {isa = PBXBuildFile; fileRef = 044A373E2A47177300A5DD11 /* DiaryHealth.swift */; };
		044A37412A47178700A5DD11 /* DiaryViewpr.swift in Sources */ = {isa = PBXBuildFile; fileRef = 044A37402A47178700A5DD11 /* DiaryViewpr.swift */; };
		044A37432A47179200A5DD11 /* DiaryTitleView.swift in Sources */ = {isa = PBXBuildFile; fileRef = 044A37422A47179200A5DD11 /* DiaryTitleView.swift */; };
		044A37452A47179F00A5DD11 /* PlusView.swift in Sources */ = {isa = PBXBuildFile; fileRef = 044A37442A47179F00A5DD11 /* PlusView.swift */; };
		044A37482A4717BA00A5DD11 /* PickerData.swift in Sources */ = {isa = PBXBuildFile; fileRef = 044A37472A4717BA00A5DD11 /* PickerData.swift */; };
		044A374A2A4717C400A5DD11 /* HeightPickerData.swift in Sources */ = {isa = PBXBuildFile; fileRef = 044A37492A4717C400A5DD11 /* HeightPickerData.swift */; };
		044A374C2A4717D000A5DD11 /* Color+hex.swift in Sources */ = {isa = PBXBuildFile; fileRef = 044A374B2A4717D000A5DD11 /* Color+hex.swift */; };
		044A37512A472D5500A5DD11 /* BreakfastView.swift in Sources */ = {isa = PBXBuildFile; fileRef = 044A37502A472D5500A5DD11 /* BreakfastView.swift */; };
		044A37532A47352B00A5DD11 /* BreakfastView2.swift in Sources */ = {isa = PBXBuildFile; fileRef = 044A37522A47352B00A5DD11 /* BreakfastView2.swift */; };
		044A37552A47FC6500A5DD11 /* BreakfastView3.swift in Sources */ = {isa = PBXBuildFile; fileRef = 044A37542A47FC6500A5DD11 /* BreakfastView3.swift */; };
		044A37572A47FE0500A5DD11 /* BreakfastView4.swift in Sources */ = {isa = PBXBuildFile; fileRef = 044A37562A47FE0500A5DD11 /* BreakfastView4.swift */; };
		044A375A2A491F8700A5DD11 /* TakeOurTest.swift in Sources */ = {isa = PBXBuildFile; fileRef = 044A37592A491F8700A5DD11 /* TakeOurTest.swift */; };
		044A375C2A4922BB00A5DD11 /* TakeOurTest1.swift in Sources */ = {isa = PBXBuildFile; fileRef = 044A375B2A4922BB00A5DD11 /* TakeOurTest1.swift */; };
		044A375E2A49271C00A5DD11 /* TakeOurTest2.swift in Sources */ = {isa = PBXBuildFile; fileRef = 044A375D2A49271C00A5DD11 /* TakeOurTest2.swift */; };
		6E8C5FA62A565EA30047734E /* Snack.swift in Sources */ = {isa = PBXBuildFile; fileRef = 6E8C5F972A565EA30047734E /* Snack.swift */; };
		6E8C5FA72A565EA30047734E /* Lunch.swift in Sources */ = {isa = PBXBuildFile; fileRef = 6E8C5F992A565EA30047734E /* Lunch.swift */; };
		6E8C5FA82A565EA30047734E /* TabBar.swift in Sources */ = {isa = PBXBuildFile; fileRef = 6E8C5F9B2A565EA30047734E /* TabBar.swift */; };
		6E8C5FA92A565EA30047734E /* Dinner.swift in Sources */ = {isa = PBXBuildFile; fileRef = 6E8C5F9D2A565EA30047734E /* Dinner.swift */; };
		6E8C5FAA2A565EA30047734E /* RecipeView.swift in Sources */ = {isa = PBXBuildFile; fileRef = 6E8C5F9E2A565EA30047734E /* RecipeView.swift */; };
		6E8C5FAB2A565EA30047734E /* what'sHot.swift in Sources */ = {isa = PBXBuildFile; fileRef = 6E8C5FA02A565EA30047734E /* what'sHot.swift */; };
		6E8C5FAC2A565EA30047734E /* Search.swift in Sources */ = {isa = PBXBuildFile; fileRef = 6E8C5FA22A565EA30047734E /* Search.swift */; };
		6E8C5FAD2A565EA30047734E /* ContentView.swift in Sources */ = {isa = PBXBuildFile; fileRef = 6E8C5FA32A565EA30047734E /* ContentView.swift */; };
		6E8C5FAE2A565EA30047734E /* Breakfast.swift in Sources */ = {isa = PBXBuildFile; fileRef = 6E8C5FA52A565EA30047734E /* Breakfast.swift */; };
		6E8C5FD02A565F0D0047734E /* DetailView.swift in Sources */ = {isa = PBXBuildFile; fileRef = 6E8C5FB92A565F0C0047734E /* DetailView.swift */; };
		6E8C5FD12A565F0D0047734E /* Logo.swift in Sources */ = {isa = PBXBuildFile; fileRef = 6E8C5FBA2A565F0C0047734E /* Logo.swift */; };
		6E8C5FD22A565F0D0047734E /* FoodImage.swift in Sources */ = {isa = PBXBuildFile; fileRef = 6E8C5FBB2A565F0C0047734E /* FoodImage.swift */; };
		6E8C5FD32A565F0D0047734E /* FoodInformation.swift in Sources */ = {isa = PBXBuildFile; fileRef = 6E8C5FBC2A565F0C0047734E /* FoodInformation.swift */; };
		6E8C5FD42A565F0D0047734E /* Favorites.swift in Sources */ = {isa = PBXBuildFile; fileRef = 6E8C5FBE2A565F0D0047734E /* Favorites.swift */; };
		6E8C5FD52A565F0D0047734E /* LifeScore.swift in Sources */ = {isa = PBXBuildFile; fileRef = 6E8C5FBF2A565F0D0047734E /* LifeScore.swift */; };
		6E8C5FD62A565F0D0047734E /* Progress.swift in Sources */ = {isa = PBXBuildFile; fileRef = 6E8C5FC02A565F0D0047734E /* Progress.swift */; };
		6E8C5FD72A565F0D0047734E /* Sharing.swift in Sources */ = {isa = PBXBuildFile; fileRef = 6E8C5FC12A565F0D0047734E /* Sharing.swift */; };
		6E8C5FD82A565F0D0047734E /* GoalProgress.swift in Sources */ = {isa = PBXBuildFile; fileRef = 6E8C5FC22A565F0D0047734E /* GoalProgress.swift */; };
		6E8C5FD92A565F0D0047734E /* Bodymeasurements.swift in Sources */ = {isa = PBXBuildFile; fileRef = 6E8C5FC32A565F0D0047734E /* Bodymeasurements.swift */; };
		6E8C5FDA2A565F0D0047734E /* Streaks.swift in Sources */ = {isa = PBXBuildFile; fileRef = 6E8C5FC42A565F0D0047734E /* Streaks.swift */; };
		6E8C5FDB2A565F0D0047734E /* TopLogo.swift in Sources */ = {isa = PBXBuildFile; fileRef = 6E8C5FC52A565F0D0047734E /* TopLogo.swift */; };
		6E8C5FDC2A565F0D0047734E /* weight.swift in Sources */ = {isa = PBXBuildFile; fileRef = 6E8C5FC72A565F0D0047734E /* weight.swift */; };
		6E8C5FDE2A565F4C0047734E /* View+ConerRadius.swift in Sources */ = {isa = PBXBuildFile; fileRef = 6E8C5FDD2A565F4C0047734E /* View+ConerRadius.swift */; };
		6E8C5FE32A566A530047734E /* Findfood.swift in Sources */ = {isa = PBXBuildFile; fileRef = 6E8C5FE22A566A530047734E /* Findfood.swift */; };
		6E8C5FE52A566AB90047734E /* FoodRecipes.swift in Sources */ = {isa = PBXBuildFile; fileRef = 6E8C5FE42A566AB90047734E /* FoodRecipes.swift */; };
		6E8C5FE72A56DFA00047734E /* FindRecipes.swift in Sources */ = {isa = PBXBuildFile; fileRef = 6E8C5FE62A56DFA00047734E /* FindRecipes.swift */; };
		6E8C5FF02A579FF20047734E /* DiaryAndNotifications.swift in Sources */ = {isa = PBXBuildFile; fileRef = 6E8C5FE82A579FF10047734E /* DiaryAndNotifications.swift */; };
		6E8C5FF12A579FF20047734E /* Account.swift in Sources */ = {isa = PBXBuildFile; fileRef = 6E8C5FEF2A579FF20047734E /* Account.swift */; };
		6E8C5FF22A579FF20047734E /* Setting.swift in Sources */ = {isa = PBXBuildFile; fileRef = 6E8C5FEA2A579FF10047734E /* Setting.swift */; };
		6E8C5FF32A579FF20047734E /* ImportHealthData.swift in Sources */ = {isa = PBXBuildFile; fileRef = 6E8C5FEC2A579FF10047734E /* ImportHealthData.swift */; };
		6E8C5FF42A579FF20047734E /* Social.swift in Sources */ = {isa = PBXBuildFile; fileRef = 6E8C5FE92A579FF10047734E /* Social.swift */; };
		6E8C5FF52A579FF20047734E /* Help.swift in Sources */ = {isa = PBXBuildFile; fileRef = 6E8C5FED2A579FF20047734E /* Help.swift */; };
		6E8C5FF62A579FF20047734E /* Help1.swift in Sources */ = {isa = PBXBuildFile; fileRef = 6E8C5FEE2A579FF20047734E /* Help1.swift */; };
		6E8C5FF72A579FF20047734E /* LogOut.swift in Sources */ = {isa = PBXBuildFile; fileRef = 6E8C5FEB2A579FF10047734E /* LogOut.swift */; };
/* End PBXBuildFile section */

/* Begin PBXContainerItemProxy section */
		044A370B2A4716AA00A5DD11 /* PBXContainerItemProxy */ = {
			isa = PBXContainerItemProxy;
			containerPortal = 044A36F22A4716A700A5DD11 /* Project object */;
			proxyType = 1;
			remoteGlobalIDString = 044A36F92A4716A700A5DD11;
			remoteInfo = FirstProject;
		};
		044A37152A4716AA00A5DD11 /* PBXContainerItemProxy */ = {
			isa = PBXContainerItemProxy;
			containerPortal = 044A36F22A4716A700A5DD11 /* Project object */;
			proxyType = 1;
			remoteGlobalIDString = 044A36F92A4716A700A5DD11;
			remoteInfo = FirstProject;
		};
/* End PBXContainerItemProxy section */

/* Begin PBXFileReference section */
		0419CBB82A4BD34900A757E9 /* TakeOurTest3.swift */ = {isa = PBXFileReference; lastKnownFileType = sourcecode.swift; path = TakeOurTest3.swift; sourceTree = "<group>"; };
		0419CBBD2A4E641300A757E9 /* SettingView1.swift */ = {isa = PBXFileReference; lastKnownFileType = sourcecode.swift; path = SettingView1.swift; sourceTree = "<group>"; };
		0419CBBF2A4E653D00A757E9 /* Profile.swift */ = {isa = PBXFileReference; lastKnownFileType = sourcecode.swift; path = Profile.swift; sourceTree = "<group>"; };
		0419CBC12A4E6A9D00A757E9 /* Customization.swift */ = {isa = PBXFileReference; lastKnownFileType = sourcecode.swift; path = Customization.swift; sourceTree = "<group>"; };
		0419CBC32A4E797900A757E9 /* PersonalDetail.swift */ = {isa = PBXFileReference; lastKnownFileType = sourcecode.swift; path = PersonalDetail.swift; sourceTree = "<group>"; };
		0419CBC72A52508B00A757E9 /* FoodListView.swift */ = {isa = PBXFileReference; lastKnownFileType = sourcecode.swift; path = FoodListView.swift; sourceTree = "<group>"; };
		0419CBCB2A52748E00A757E9 /* Searchbar.swift */ = {isa = PBXFileReference; lastKnownFileType = sourcecode.swift; path = Searchbar.swift; sourceTree = "<group>"; };
		0419CBCD2A52751200A757E9 /* SearchView.swift */ = {isa = PBXFileReference; lastKnownFileType = sourcecode.swift; path = SearchView.swift; sourceTree = "<group>"; };
		0419CBCF2A54F68B00A757E9 /* weightPicker.swift */ = {isa = PBXFileReference; lastKnownFileType = sourcecode.swift; path = weightPicker.swift; sourceTree = "<group>"; };
		0419CBD12A55050500A757E9 /* ProfilePlus.swift */ = {isa = PBXFileReference; lastKnownFileType = sourcecode.swift; path = ProfilePlus.swift; sourceTree = "<group>"; };
		0419CBD32A55063F00A757E9 /* ImagePicker.swift */ = {isa = PBXFileReference; lastKnownFileType = sourcecode.swift; path = ImagePicker.swift; sourceTree = "<group>"; };
		0419CBD62A55119500A757E9 /* DailyIntake.swift */ = {isa = PBXFileReference; lastKnownFileType = sourcecode.swift; path = DailyIntake.swift; sourceTree = "<group>"; };
		042EF9A02A4A7394008A5017 /* FourthStepView.swift */ = {isa = PBXFileReference; lastKnownFileType = sourcecode.swift; path = FourthStepView.swift; sourceTree = "<group>"; };
		042EF9A22A4A73E9008A5017 /* FifthStepView.swift */ = {isa = PBXFileReference; lastKnownFileType = sourcecode.swift; path = FifthStepView.swift; sourceTree = "<group>"; };
		042EF9A42A4A7C94008A5017 /* .gitattributes */ = {isa = PBXFileReference; lastKnownFileType = text; path = .gitattributes; sourceTree = "<group>"; };
		042EF9A92A4A7F1F008A5017 /* SnackView.swift */ = {isa = PBXFileReference; lastKnownFileType = sourcecode.swift; path = SnackView.swift; sourceTree = "<group>"; };
		042EF9AB2A4A7F81008A5017 /* DinnerView.swift */ = {isa = PBXFileReference; lastKnownFileType = sourcecode.swift; path = DinnerView.swift; sourceTree = "<group>"; };
		042EF9AE2A4A7FBA008A5017 /* LunchView.swift */ = {isa = PBXFileReference; lastKnownFileType = sourcecode.swift; path = LunchView.swift; sourceTree = "<group>"; };
		044A36FA2A4716A700A5DD11 /* FirstProject.app */ = {isa = PBXFileReference; explicitFileType = wrapper.application; includeInIndex = 0; path = FirstProject.app; sourceTree = BUILT_PRODUCTS_DIR; };
		044A36FD2A4716A700A5DD11 /* FirstProjectApp.swift */ = {isa = PBXFileReference; lastKnownFileType = sourcecode.swift; path = FirstProjectApp.swift; sourceTree = "<group>"; };
		044A37012A4716AA00A5DD11 /* Assets.xcassets */ = {isa = PBXFileReference; lastKnownFileType = folder.assetcatalog; path = Assets.xcassets; sourceTree = "<group>"; };
		044A37042A4716AA00A5DD11 /* Preview Assets.xcassets */ = {isa = PBXFileReference; lastKnownFileType = folder.assetcatalog; path = "Preview Assets.xcassets"; sourceTree = "<group>"; };
		044A370A2A4716AA00A5DD11 /* FirstProjectTests.xctest */ = {isa = PBXFileReference; explicitFileType = wrapper.cfbundle; includeInIndex = 0; path = FirstProjectTests.xctest; sourceTree = BUILT_PRODUCTS_DIR; };
		044A370E2A4716AA00A5DD11 /* FirstProjectTests.swift */ = {isa = PBXFileReference; lastKnownFileType = sourcecode.swift; path = FirstProjectTests.swift; sourceTree = "<group>"; };
		044A37142A4716AA00A5DD11 /* FirstProjectUITests.xctest */ = {isa = PBXFileReference; explicitFileType = wrapper.cfbundle; includeInIndex = 0; path = FirstProjectUITests.xctest; sourceTree = BUILT_PRODUCTS_DIR; };
		044A37182A4716AA00A5DD11 /* FirstProjectUITests.swift */ = {isa = PBXFileReference; lastKnownFileType = sourcecode.swift; path = FirstProjectUITests.swift; sourceTree = "<group>"; };
		044A371A2A4716AA00A5DD11 /* FirstProjectUITestsLaunchTests.swift */ = {isa = PBXFileReference; lastKnownFileType = sourcecode.swift; path = FirstProjectUITestsLaunchTests.swift; sourceTree = "<group>"; };
		044A37282A4716D100A5DD11 /* MainView.swift */ = {isa = PBXFileReference; lastKnownFileType = sourcecode.swift; path = MainView.swift; sourceTree = "<group>"; };
		044A372A2A4716DC00A5DD11 /* firstLoginView.swift */ = {isa = PBXFileReference; lastKnownFileType = sourcecode.swift; path = firstLoginView.swift; sourceTree = "<group>"; };
		044A372D2A4716F900A5DD11 /* FirstStepView.swift */ = {isa = PBXFileReference; lastKnownFileType = sourcecode.swift; path = FirstStepView.swift; sourceTree = "<group>"; };
		044A372F2A47170700A5DD11 /* SecondStepView.swift */ = {isa = PBXFileReference; lastKnownFileType = sourcecode.swift; path = SecondStepView.swift; sourceTree = "<group>"; };
		044A37312A47171100A5DD11 /* ThirdStepView.swift */ = {isa = PBXFileReference; lastKnownFileType = sourcecode.swift; path = ThirdStepView.swift; sourceTree = "<group>"; };
		044A37382A47174900A5DD11 /* TapView.swift */ = {isa = PBXFileReference; lastKnownFileType = sourcecode.swift; path = TapView.swift; sourceTree = "<group>"; };
		044A373A2A47175400A5DD11 /* DiaryView.swift */ = {isa = PBXFileReference; lastKnownFileType = sourcecode.swift; path = DiaryView.swift; sourceTree = "<group>"; };
		044A373C2A47176500A5DD11 /* DiaryWater.swift */ = {isa = PBXFileReference; lastKnownFileType = sourcecode.swift; path = DiaryWater.swift; sourceTree = "<group>"; };
		044A373E2A47177300A5DD11 /* DiaryHealth.swift */ = {isa = PBXFileReference; lastKnownFileType = sourcecode.swift; path = DiaryHealth.swift; sourceTree = "<group>"; };
		044A37402A47178700A5DD11 /* DiaryViewpr.swift */ = {isa = PBXFileReference; lastKnownFileType = sourcecode.swift; path = DiaryViewpr.swift; sourceTree = "<group>"; };
		044A37422A47179200A5DD11 /* DiaryTitleView.swift */ = {isa = PBXFileReference; lastKnownFileType = sourcecode.swift; path = DiaryTitleView.swift; sourceTree = "<group>"; };
		044A37442A47179F00A5DD11 /* PlusView.swift */ = {isa = PBXFileReference; lastKnownFileType = sourcecode.swift; path = PlusView.swift; sourceTree = "<group>"; };
		044A37472A4717BA00A5DD11 /* PickerData.swift */ = {isa = PBXFileReference; lastKnownFileType = sourcecode.swift; path = PickerData.swift; sourceTree = "<group>"; };
		044A37492A4717C400A5DD11 /* HeightPickerData.swift */ = {isa = PBXFileReference; lastKnownFileType = sourcecode.swift; path = HeightPickerData.swift; sourceTree = "<group>"; };
		044A374B2A4717D000A5DD11 /* Color+hex.swift */ = {isa = PBXFileReference; lastKnownFileType = sourcecode.swift; path = "Color+hex.swift"; sourceTree = "<group>"; };
		044A37502A472D5500A5DD11 /* BreakfastView.swift */ = {isa = PBXFileReference; lastKnownFileType = sourcecode.swift; path = BreakfastView.swift; sourceTree = "<group>"; };
		044A37522A47352B00A5DD11 /* BreakfastView2.swift */ = {isa = PBXFileReference; lastKnownFileType = sourcecode.swift; path = BreakfastView2.swift; sourceTree = "<group>"; };
		044A37542A47FC6500A5DD11 /* BreakfastView3.swift */ = {isa = PBXFileReference; lastKnownFileType = sourcecode.swift; path = BreakfastView3.swift; sourceTree = "<group>"; };
		044A37562A47FE0500A5DD11 /* BreakfastView4.swift */ = {isa = PBXFileReference; lastKnownFileType = sourcecode.swift; path = BreakfastView4.swift; sourceTree = "<group>"; };
		044A37592A491F8700A5DD11 /* TakeOurTest.swift */ = {isa = PBXFileReference; lastKnownFileType = sourcecode.swift; path = TakeOurTest.swift; sourceTree = "<group>"; };
		044A375B2A4922BB00A5DD11 /* TakeOurTest1.swift */ = {isa = PBXFileReference; lastKnownFileType = sourcecode.swift; path = TakeOurTest1.swift; sourceTree = "<group>"; };
		044A375D2A49271C00A5DD11 /* TakeOurTest2.swift */ = {isa = PBXFileReference; lastKnownFileType = sourcecode.swift; path = TakeOurTest2.swift; sourceTree = "<group>"; };
		6E8C5F932A565CD80047734E /* Info.plist */ = {isa = PBXFileReference; lastKnownFileType = text.plist.xml; path = Info.plist; sourceTree = "<group>"; };
		6E8C5F972A565EA30047734E /* Snack.swift */ = {isa = PBXFileReference; fileEncoding = 4; lastKnownFileType = sourcecode.swift; path = Snack.swift; sourceTree = "<group>"; };
		6E8C5F992A565EA30047734E /* Lunch.swift */ = {isa = PBXFileReference; fileEncoding = 4; lastKnownFileType = sourcecode.swift; path = Lunch.swift; sourceTree = "<group>"; };
		6E8C5F9B2A565EA30047734E /* TabBar.swift */ = {isa = PBXFileReference; fileEncoding = 4; lastKnownFileType = sourcecode.swift; path = TabBar.swift; sourceTree = "<group>"; };
		6E8C5F9D2A565EA30047734E /* Dinner.swift */ = {isa = PBXFileReference; fileEncoding = 4; lastKnownFileType = sourcecode.swift; path = Dinner.swift; sourceTree = "<group>"; };
		6E8C5F9E2A565EA30047734E /* RecipeView.swift */ = {isa = PBXFileReference; fileEncoding = 4; lastKnownFileType = sourcecode.swift; path = RecipeView.swift; sourceTree = "<group>"; };
		6E8C5FA02A565EA30047734E /* what'sHot.swift */ = {isa = PBXFileReference; fileEncoding = 4; lastKnownFileType = sourcecode.swift; path = "what'sHot.swift"; sourceTree = "<group>"; };
		6E8C5FA22A565EA30047734E /* Search.swift */ = {isa = PBXFileReference; fileEncoding = 4; lastKnownFileType = sourcecode.swift; path = Search.swift; sourceTree = "<group>"; };
		6E8C5FA32A565EA30047734E /* ContentView.swift */ = {isa = PBXFileReference; fileEncoding = 4; lastKnownFileType = sourcecode.swift; path = ContentView.swift; sourceTree = "<group>"; };
		6E8C5FA52A565EA30047734E /* Breakfast.swift */ = {isa = PBXFileReference; fileEncoding = 4; lastKnownFileType = sourcecode.swift; path = Breakfast.swift; sourceTree = "<group>"; };
		6E8C5FB92A565F0C0047734E /* DetailView.swift */ = {isa = PBXFileReference; fileEncoding = 4; lastKnownFileType = sourcecode.swift; path = DetailView.swift; sourceTree = "<group>"; };
		6E8C5FBA2A565F0C0047734E /* Logo.swift */ = {isa = PBXFileReference; fileEncoding = 4; lastKnownFileType = sourcecode.swift; path = Logo.swift; sourceTree = "<group>"; };
		6E8C5FBB2A565F0C0047734E /* FoodImage.swift */ = {isa = PBXFileReference; fileEncoding = 4; lastKnownFileType = sourcecode.swift; path = FoodImage.swift; sourceTree = "<group>"; };
		6E8C5FBC2A565F0C0047734E /* FoodInformation.swift */ = {isa = PBXFileReference; fileEncoding = 4; lastKnownFileType = sourcecode.swift; path = FoodInformation.swift; sourceTree = "<group>"; };
		6E8C5FBE2A565F0D0047734E /* Favorites.swift */ = {isa = PBXFileReference; fileEncoding = 4; lastKnownFileType = sourcecode.swift; path = Favorites.swift; sourceTree = "<group>"; };
		6E8C5FBF2A565F0D0047734E /* LifeScore.swift */ = {isa = PBXFileReference; fileEncoding = 4; lastKnownFileType = sourcecode.swift; path = LifeScore.swift; sourceTree = "<group>"; };
		6E8C5FC02A565F0D0047734E /* Progress.swift */ = {isa = PBXFileReference; fileEncoding = 4; lastKnownFileType = sourcecode.swift; path = Progress.swift; sourceTree = "<group>"; };
		6E8C5FC12A565F0D0047734E /* Sharing.swift */ = {isa = PBXFileReference; fileEncoding = 4; lastKnownFileType = sourcecode.swift; path = Sharing.swift; sourceTree = "<group>"; };
		6E8C5FC22A565F0D0047734E /* GoalProgress.swift */ = {isa = PBXFileReference; fileEncoding = 4; lastKnownFileType = sourcecode.swift; path = GoalProgress.swift; sourceTree = "<group>"; };
		6E8C5FC32A565F0D0047734E /* Bodymeasurements.swift */ = {isa = PBXFileReference; fileEncoding = 4; lastKnownFileType = sourcecode.swift; path = Bodymeasurements.swift; sourceTree = "<group>"; };
		6E8C5FC42A565F0D0047734E /* Streaks.swift */ = {isa = PBXFileReference; fileEncoding = 4; lastKnownFileType = sourcecode.swift; path = Streaks.swift; sourceTree = "<group>"; };
		6E8C5FC52A565F0D0047734E /* TopLogo.swift */ = {isa = PBXFileReference; fileEncoding = 4; lastKnownFileType = sourcecode.swift; path = TopLogo.swift; sourceTree = "<group>"; };
		6E8C5FC72A565F0D0047734E /* weight.swift */ = {isa = PBXFileReference; fileEncoding = 4; lastKnownFileType = sourcecode.swift; path = weight.swift; sourceTree = "<group>"; };
		6E8C5FDD2A565F4C0047734E /* View+ConerRadius.swift */ = {isa = PBXFileReference; fileEncoding = 4; lastKnownFileType = sourcecode.swift; path = "View+ConerRadius.swift"; sourceTree = "<group>"; };
		6E8C5FE22A566A530047734E /* Findfood.swift */ = {isa = PBXFileReference; lastKnownFileType = sourcecode.swift; path = Findfood.swift; sourceTree = "<group>"; };
		6E8C5FE42A566AB90047734E /* FoodRecipes.swift */ = {isa = PBXFileReference; lastKnownFileType = sourcecode.swift; path = FoodRecipes.swift; sourceTree = "<group>"; };
		6E8C5FE62A56DFA00047734E /* FindRecipes.swift */ = {isa = PBXFileReference; lastKnownFileType = sourcecode.swift; path = FindRecipes.swift; sourceTree = "<group>"; };
		6E8C5FE82A579FF10047734E /* DiaryAndNotifications.swift */ = {isa = PBXFileReference; lastKnownFileType = sourcecode.swift; path = DiaryAndNotifications.swift; sourceTree = "<group>"; };
		6E8C5FE92A579FF10047734E /* Social.swift */ = {isa = PBXFileReference; lastKnownFileType = sourcecode.swift; path = Social.swift; sourceTree = "<group>"; };
		6E8C5FEA2A579FF10047734E /* Setting.swift */ = {isa = PBXFileReference; lastKnownFileType = sourcecode.swift; path = Setting.swift; sourceTree = "<group>"; };
		6E8C5FEB2A579FF10047734E /* LogOut.swift */ = {isa = PBXFileReference; lastKnownFileType = sourcecode.swift; path = LogOut.swift; sourceTree = "<group>"; };
		6E8C5FEC2A579FF10047734E /* ImportHealthData.swift */ = {isa = PBXFileReference; lastKnownFileType = sourcecode.swift; path = ImportHealthData.swift; sourceTree = "<group>"; };
		6E8C5FED2A579FF20047734E /* Help.swift */ = {isa = PBXFileReference; lastKnownFileType = sourcecode.swift; path = Help.swift; sourceTree = "<group>"; };
		6E8C5FEE2A579FF20047734E /* Help1.swift */ = {isa = PBXFileReference; lastKnownFileType = sourcecode.swift; path = Help1.swift; sourceTree = "<group>"; };
		6E8C5FEF2A579FF20047734E /* Account.swift */ = {isa = PBXFileReference; lastKnownFileType = sourcecode.swift; path = Account.swift; sourceTree = "<group>"; };
/* End PBXFileReference section */

/* Begin PBXFrameworksBuildPhase section */
		044A36F72A4716A700A5DD11 /* Frameworks */ = {
			isa = PBXFrameworksBuildPhase;
			buildActionMask = 2147483647;
			files = (
			);
			runOnlyForDeploymentPostprocessing = 0;
		};
		044A37072A4716AA00A5DD11 /* Frameworks */ = {
			isa = PBXFrameworksBuildPhase;
			buildActionMask = 2147483647;
			files = (
			);
			runOnlyForDeploymentPostprocessing = 0;
		};
		044A37112A4716AA00A5DD11 /* Frameworks */ = {
			isa = PBXFrameworksBuildPhase;
			buildActionMask = 2147483647;
			files = (
			);
			runOnlyForDeploymentPostprocessing = 0;
		};
/* End PBXFrameworksBuildPhase section */

/* Begin PBXGroup section */
		0419CBBC2A4E640300A757E9 /* Setting */ = {
			isa = PBXGroup;
			children = (
				6E8C5FEA2A579FF10047734E /* Setting.swift */,
				6E8C5FEB2A579FF10047734E /* LogOut.swift */,
				6E8C5FED2A579FF20047734E /* Help.swift */,
				6E8C5FEE2A579FF20047734E /* Help1.swift */,
				6E8C5FE82A579FF10047734E /* DiaryAndNotifications.swift */,
				6E8C5FE92A579FF10047734E /* Social.swift */,
				6E8C5FEC2A579FF10047734E /* ImportHealthData.swift */,
				6E8C5FEF2A579FF20047734E /* Account.swift */,
				0419CBBD2A4E641300A757E9 /* SettingView1.swift */,
				0419CBBF2A4E653D00A757E9 /* Profile.swift */,
				0419CBC12A4E6A9D00A757E9 /* Customization.swift */,
				0419CBC32A4E797900A757E9 /* PersonalDetail.swift */,
				0419CBD12A55050500A757E9 /* ProfilePlus.swift */,
				0419CBD32A55063F00A757E9 /* ImagePicker.swift */,
			);
			path = Setting;
			sourceTree = "<group>";
		};
		0419CBD52A55118100A757E9 /* Model */ = {
			isa = PBXGroup;
			children = (
				0419CBD62A55119500A757E9 /* DailyIntake.swift */,
			);
			path = Model;
			sourceTree = "<group>";
		};
		042EF9A62A4A7E98008A5017 /* Lunch */ = {
			isa = PBXGroup;
			children = (
				042EF9AE2A4A7FBA008A5017 /* LunchView.swift */,
			);
			path = Lunch;
			sourceTree = "<group>";
		};
		042EF9A72A4A7EA4008A5017 /* Dinner */ = {
			isa = PBXGroup;
			children = (
				042EF9AB2A4A7F81008A5017 /* DinnerView.swift */,
			);
			path = Dinner;
			sourceTree = "<group>";
		};
		042EF9A82A4A7EB1008A5017 /* Snack */ = {
			isa = PBXGroup;
			children = (
				042EF9A92A4A7F1F008A5017 /* SnackView.swift */,
			);
			path = Snack;
			sourceTree = "<group>";
		};
		044A36F12A4716A700A5DD11 = {
			isa = PBXGroup;
			children = (
				042EF9A42A4A7C94008A5017 /* .gitattributes */,
				044A36FC2A4716A700A5DD11 /* FirstProject */,
				044A370D2A4716AA00A5DD11 /* FirstProjectTests */,
				044A37172A4716AA00A5DD11 /* FirstProjectUITests */,
				044A36FB2A4716A700A5DD11 /* Products */,
			);
			sourceTree = "<group>";
		};
		044A36FB2A4716A700A5DD11 /* Products */ = {
			isa = PBXGroup;
			children = (
				044A36FA2A4716A700A5DD11 /* FirstProject.app */,
				044A370A2A4716AA00A5DD11 /* FirstProjectTests.xctest */,
				044A37142A4716AA00A5DD11 /* FirstProjectUITests.xctest */,
			);
			name = Products;
			sourceTree = "<group>";
		};
		044A36FC2A4716A700A5DD11 /* FirstProject */ = {
			isa = PBXGroup;
			children = (
				6E8C5FDD2A565F4C0047734E /* View+ConerRadius.swift */,
				0419CBD52A55118100A757E9 /* Model */,
				6E8C5FB82A565F0C0047734E /* DetailRecipe */,
				6E8C5FBD2A565F0D0047734E /* Progress */,
				6E8C5FC62A565F0D0047734E /* Weight */,
				6E8C5F932A565CD80047734E /* Info.plist */,
				044A36FD2A4716A700A5DD11 /* FirstProjectApp.swift */,
				044A37012A4716AA00A5DD11 /* Assets.xcassets */,
				6E8C5F952A565EA30047734E /* Recipes */,
				044A37272A4716BF00A5DD11 /* FirstView */,
				044A372C2A4716E600A5DD11 /* StepView */,
				044A37372A47173900A5DD11 /* DiaryVieww */,
				042EF9A82A4A7EB1008A5017 /* Snack */,
				042EF9A72A4A7EA4008A5017 /* Dinner */,
				042EF9A62A4A7E98008A5017 /* Lunch */,
				044A374F2A472D1300A5DD11 /* SmallView */,
				044A37462A4717AC00A5DD11 /* Data */,
				044A37582A491F6B00A5DD11 /* Diets */,
				0419CBBC2A4E640300A757E9 /* Setting */,
				044A37032A4716AA00A5DD11 /* Preview Content */,
			);
			path = FirstProject;
			sourceTree = "<group>";
		};
		044A37032A4716AA00A5DD11 /* Preview Content */ = {
			isa = PBXGroup;
			children = (
				044A37042A4716AA00A5DD11 /* Preview Assets.xcassets */,
			);
			path = "Preview Content";
			sourceTree = "<group>";
		};
		044A370D2A4716AA00A5DD11 /* FirstProjectTests */ = {
			isa = PBXGroup;
			children = (
				044A370E2A4716AA00A5DD11 /* FirstProjectTests.swift */,
			);
			path = FirstProjectTests;
			sourceTree = "<group>";
		};
		044A37172A4716AA00A5DD11 /* FirstProjectUITests */ = {
			isa = PBXGroup;
			children = (
				044A37182A4716AA00A5DD11 /* FirstProjectUITests.swift */,
				044A371A2A4716AA00A5DD11 /* FirstProjectUITestsLaunchTests.swift */,
			);
			path = FirstProjectUITests;
			sourceTree = "<group>";
		};
		044A37272A4716BF00A5DD11 /* FirstView */ = {
			isa = PBXGroup;
			children = (
				044A37282A4716D100A5DD11 /* MainView.swift */,
				044A372A2A4716DC00A5DD11 /* firstLoginView.swift */,
			);
			path = FirstView;
			sourceTree = "<group>";
		};
		044A372C2A4716E600A5DD11 /* StepView */ = {
			isa = PBXGroup;
			children = (
				044A372D2A4716F900A5DD11 /* FirstStepView.swift */,
				044A372F2A47170700A5DD11 /* SecondStepView.swift */,
				044A37312A47171100A5DD11 /* ThirdStepView.swift */,
				042EF9A02A4A7394008A5017 /* FourthStepView.swift */,
				042EF9A22A4A73E9008A5017 /* FifthStepView.swift */,
			);
			path = StepView;
			sourceTree = "<group>";
		};
		044A37372A47173900A5DD11 /* DiaryVieww */ = {
			isa = PBXGroup;
			children = (
				044A37382A47174900A5DD11 /* TapView.swift */,
				044A373A2A47175400A5DD11 /* DiaryView.swift */,
				044A373E2A47177300A5DD11 /* DiaryHealth.swift */,
				044A37402A47178700A5DD11 /* DiaryViewpr.swift */,
				044A37422A47179200A5DD11 /* DiaryTitleView.swift */,
				044A373C2A47176500A5DD11 /* DiaryWater.swift */,
				044A37442A47179F00A5DD11 /* PlusView.swift */,
			);
			path = DiaryVieww;
			sourceTree = "<group>";
		};
		044A37462A4717AC00A5DD11 /* Data */ = {
			isa = PBXGroup;
			children = (
				044A37472A4717BA00A5DD11 /* PickerData.swift */,
				044A37492A4717C400A5DD11 /* HeightPickerData.swift */,
				0419CBCF2A54F68B00A757E9 /* weightPicker.swift */,
				044A374B2A4717D000A5DD11 /* Color+hex.swift */,
			);
			path = Data;
			sourceTree = "<group>";
		};
		044A374F2A472D1300A5DD11 /* SmallView */ = {
			isa = PBXGroup;
			children = (
				044A37502A472D5500A5DD11 /* BreakfastView.swift */,
				044A37522A47352B00A5DD11 /* BreakfastView2.swift */,
				044A37542A47FC6500A5DD11 /* BreakfastView3.swift */,
				044A37562A47FE0500A5DD11 /* BreakfastView4.swift */,
				0419CBCD2A52751200A757E9 /* SearchView.swift */,
				0419CBC72A52508B00A757E9 /* FoodListView.swift */,
				0419CBCB2A52748E00A757E9 /* Searchbar.swift */,
			);
			path = SmallView;
			sourceTree = "<group>";
		};
		044A37582A491F6B00A5DD11 /* Diets */ = {
			isa = PBXGroup;
			children = (
				044A37592A491F8700A5DD11 /* TakeOurTest.swift */,
				044A375B2A4922BB00A5DD11 /* TakeOurTest1.swift */,
				044A375D2A49271C00A5DD11 /* TakeOurTest2.swift */,
				0419CBB82A4BD34900A757E9 /* TakeOurTest3.swift */,
			);
			path = Diets;
			sourceTree = "<group>";
		};
		6E8C5F952A565EA30047734E /* Recipes */ = {
			isa = PBXGroup;
			children = (
				6E8C5FDF2A5669DD0047734E /* FindRecipes */,
				6E8C5F962A565EA30047734E /* Snack */,
				6E8C5F982A565EA30047734E /* Lunch */,
				6E8C5F9A2A565EA30047734E /* TabBar */,
				6E8C5F9C2A565EA30047734E /* Dinner */,
				6E8C5F9E2A565EA30047734E /* RecipeView.swift */,
				6E8C5F9F2A565EA30047734E /* What's hot */,
				6E8C5FA12A565EA30047734E /* Search */,
				6E8C5FA32A565EA30047734E /* ContentView.swift */,
				6E8C5FA42A565EA30047734E /* Breakfast */,
			);
			path = Recipes;
			sourceTree = "<group>";
		};
		6E8C5F962A565EA30047734E /* Snack */ = {
			isa = PBXGroup;
			children = (
				6E8C5F972A565EA30047734E /* Snack.swift */,
			);
			path = Snack;
			sourceTree = "<group>";
		};
		6E8C5F982A565EA30047734E /* Lunch */ = {
			isa = PBXGroup;
			children = (
				6E8C5F992A565EA30047734E /* Lunch.swift */,
			);
			path = Lunch;
			sourceTree = "<group>";
		};
		6E8C5F9A2A565EA30047734E /* TabBar */ = {
			isa = PBXGroup;
			children = (
				6E8C5F9B2A565EA30047734E /* TabBar.swift */,
			);
			path = TabBar;
			sourceTree = "<group>";
		};
		6E8C5F9C2A565EA30047734E /* Dinner */ = {
			isa = PBXGroup;
			children = (
				6E8C5F9D2A565EA30047734E /* Dinner.swift */,
			);
			path = Dinner;
			sourceTree = "<group>";
		};
		6E8C5F9F2A565EA30047734E /* What's hot */ = {
			isa = PBXGroup;
			children = (
				6E8C5FA02A565EA30047734E /* what'sHot.swift */,
			);
			path = "What's hot";
			sourceTree = "<group>";
		};
		6E8C5FA12A565EA30047734E /* Search */ = {
			isa = PBXGroup;
			children = (
				6E8C5FA22A565EA30047734E /* Search.swift */,
			);
			path = Search;
			sourceTree = "<group>";
		};
		6E8C5FA42A565EA30047734E /* Breakfast */ = {
			isa = PBXGroup;
			children = (
				6E8C5FA52A565EA30047734E /* Breakfast.swift */,
			);
			path = Breakfast;
			sourceTree = "<group>";
		};
		6E8C5FB82A565F0C0047734E /* DetailRecipe */ = {
			isa = PBXGroup;
			children = (
				6E8C5FB92A565F0C0047734E /* DetailView.swift */,
				6E8C5FBA2A565F0C0047734E /* Logo.swift */,
				6E8C5FBB2A565F0C0047734E /* FoodImage.swift */,
				6E8C5FBC2A565F0C0047734E /* FoodInformation.swift */,
			);
			path = DetailRecipe;
			sourceTree = "<group>";
		};
		6E8C5FBD2A565F0D0047734E /* Progress */ = {
			isa = PBXGroup;
			children = (
				6E8C5FBE2A565F0D0047734E /* Favorites.swift */,
				6E8C5FBF2A565F0D0047734E /* LifeScore.swift */,
				6E8C5FC02A565F0D0047734E /* Progress.swift */,
				6E8C5FC12A565F0D0047734E /* Sharing.swift */,
				6E8C5FC22A565F0D0047734E /* GoalProgress.swift */,
				6E8C5FC32A565F0D0047734E /* Bodymeasurements.swift */,
				6E8C5FC42A565F0D0047734E /* Streaks.swift */,
				6E8C5FC52A565F0D0047734E /* TopLogo.swift */,
			);
			path = Progress;
			sourceTree = "<group>";
		};
		6E8C5FC62A565F0D0047734E /* Weight */ = {
			isa = PBXGroup;
			children = (
				6E8C5FC72A565F0D0047734E /* weight.swift */,
			);
			path = Weight;
			sourceTree = "<group>";
		};
		6E8C5FDF2A5669DD0047734E /* FindRecipes */ = {
			isa = PBXGroup;
			children = (
				6E8C5FE62A56DFA00047734E /* FindRecipes.swift */,
				6E8C5FE22A566A530047734E /* Findfood.swift */,
				6E8C5FE42A566AB90047734E /* FoodRecipes.swift */,
			);
			path = FindRecipes;
			sourceTree = "<group>";
		};
/* End PBXGroup section */

/* Begin PBXNativeTarget section */
		044A36F92A4716A700A5DD11 /* FirstProject */ = {
			isa = PBXNativeTarget;
			buildConfigurationList = 044A371E2A4716AA00A5DD11 /* Build configuration list for PBXNativeTarget "FirstProject" */;
			buildPhases = (
				044A36F62A4716A700A5DD11 /* Sources */,
				044A36F72A4716A700A5DD11 /* Frameworks */,
				044A36F82A4716A700A5DD11 /* Resources */,
			);
			buildRules = (
			);
			dependencies = (
			);
			name = FirstProject;
			productName = FirstProject;
			productReference = 044A36FA2A4716A700A5DD11 /* FirstProject.app */;
			productType = "com.apple.product-type.application";
		};
		044A37092A4716AA00A5DD11 /* FirstProjectTests */ = {
			isa = PBXNativeTarget;
			buildConfigurationList = 044A37212A4716AA00A5DD11 /* Build configuration list for PBXNativeTarget "FirstProjectTests" */;
			buildPhases = (
				044A37062A4716AA00A5DD11 /* Sources */,
				044A37072A4716AA00A5DD11 /* Frameworks */,
				044A37082A4716AA00A5DD11 /* Resources */,
			);
			buildRules = (
			);
			dependencies = (
				044A370C2A4716AA00A5DD11 /* PBXTargetDependency */,
			);
			name = FirstProjectTests;
			productName = FirstProjectTests;
			productReference = 044A370A2A4716AA00A5DD11 /* FirstProjectTests.xctest */;
			productType = "com.apple.product-type.bundle.unit-test";
		};
		044A37132A4716AA00A5DD11 /* FirstProjectUITests */ = {
			isa = PBXNativeTarget;
			buildConfigurationList = 044A37242A4716AA00A5DD11 /* Build configuration list for PBXNativeTarget "FirstProjectUITests" */;
			buildPhases = (
				044A37102A4716AA00A5DD11 /* Sources */,
				044A37112A4716AA00A5DD11 /* Frameworks */,
				044A37122A4716AA00A5DD11 /* Resources */,
			);
			buildRules = (
			);
			dependencies = (
				044A37162A4716AA00A5DD11 /* PBXTargetDependency */,
			);
			name = FirstProjectUITests;
			productName = FirstProjectUITests;
			productReference = 044A37142A4716AA00A5DD11 /* FirstProjectUITests.xctest */;
			productType = "com.apple.product-type.bundle.ui-testing";
		};
/* End PBXNativeTarget section */

/* Begin PBXProject section */
		044A36F22A4716A700A5DD11 /* Project object */ = {
			isa = PBXProject;
			attributes = {
				BuildIndependentTargetsInParallel = 1;
				LastSwiftUpdateCheck = 1430;
				LastUpgradeCheck = 1430;
				TargetAttributes = {
					044A36F92A4716A700A5DD11 = {
						CreatedOnToolsVersion = 14.3.1;
					};
					044A37092A4716AA00A5DD11 = {
						CreatedOnToolsVersion = 14.3.1;
						TestTargetID = 044A36F92A4716A700A5DD11;
					};
					044A37132A4716AA00A5DD11 = {
						CreatedOnToolsVersion = 14.3.1;
						TestTargetID = 044A36F92A4716A700A5DD11;
					};
				};
			};
			buildConfigurationList = 044A36F52A4716A700A5DD11 /* Build configuration list for PBXProject "FirstProject" */;
			compatibilityVersion = "Xcode 14.0";
			developmentRegion = en;
			hasScannedForEncodings = 0;
			knownRegions = (
				en,
				Base,
			);
			mainGroup = 044A36F12A4716A700A5DD11;
			productRefGroup = 044A36FB2A4716A700A5DD11 /* Products */;
			projectDirPath = "";
			projectRoot = "";
			targets = (
				044A36F92A4716A700A5DD11 /* FirstProject */,
				044A37092A4716AA00A5DD11 /* FirstProjectTests */,
				044A37132A4716AA00A5DD11 /* FirstProjectUITests */,
			);
		};
/* End PBXProject section */

/* Begin PBXResourcesBuildPhase section */
		044A36F82A4716A700A5DD11 /* Resources */ = {
			isa = PBXResourcesBuildPhase;
			buildActionMask = 2147483647;
			files = (
				044A37052A4716AA00A5DD11 /* Preview Assets.xcassets in Resources */,
				042EF9A52A4A7C94008A5017 /* .gitattributes in Resources */,
				044A37022A4716AA00A5DD11 /* Assets.xcassets in Resources */,
			);
			runOnlyForDeploymentPostprocessing = 0;
		};
		044A37082A4716AA00A5DD11 /* Resources */ = {
			isa = PBXResourcesBuildPhase;
			buildActionMask = 2147483647;
			files = (
			);
			runOnlyForDeploymentPostprocessing = 0;
		};
		044A37122A4716AA00A5DD11 /* Resources */ = {
			isa = PBXResourcesBuildPhase;
			buildActionMask = 2147483647;
			files = (
			);
			runOnlyForDeploymentPostprocessing = 0;
		};
/* End PBXResourcesBuildPhase section */

/* Begin PBXSourcesBuildPhase section */
		044A36F62A4716A700A5DD11 /* Sources */ = {
			isa = PBXSourcesBuildPhase;
			buildActionMask = 2147483647;
			files = (
				042EF9A12A4A7395008A5017 /* FourthStepView.swift in Sources */,
				044A37412A47178700A5DD11 /* DiaryViewpr.swift in Sources */,
				044A373F2A47177300A5DD11 /* DiaryHealth.swift in Sources */,
				6E8C5FF72A579FF20047734E /* LogOut.swift in Sources */,
				6E8C5FF02A579FF20047734E /* DiaryAndNotifications.swift in Sources */,
				044A37302A47170700A5DD11 /* SecondStepView.swift in Sources */,
				044A37322A47171100A5DD11 /* ThirdStepView.swift in Sources */,
				0419CBCC2A52748E00A757E9 /* Searchbar.swift in Sources */,
				6E8C5FA62A565EA30047734E /* Snack.swift in Sources */,
				6E8C5FF62A579FF20047734E /* Help1.swift in Sources */,
				044A374A2A4717C400A5DD11 /* HeightPickerData.swift in Sources */,
				6E8C5FAA2A565EA30047734E /* RecipeView.swift in Sources */,
				6E8C5FD72A565F0D0047734E /* Sharing.swift in Sources */,
				6E8C5FAD2A565EA30047734E /* ContentView.swift in Sources */,
				044A37392A47174900A5DD11 /* TapView.swift in Sources */,
				044A374C2A4717D000A5DD11 /* Color+hex.swift in Sources */,
				042EF9A32A4A73E9008A5017 /* FifthStepView.swift in Sources */,
				044A37532A47352B00A5DD11 /* BreakfastView2.swift in Sources */,
				042EF9AC2A4A7F81008A5017 /* DinnerView.swift in Sources */,
				6E8C5FF12A579FF20047734E /* Account.swift in Sources */,
				6E8C5FD02A565F0D0047734E /* DetailView.swift in Sources */,
				042EF9AA2A4A7F1F008A5017 /* SnackView.swift in Sources */,
				6E8C5FD52A565F0D0047734E /* LifeScore.swift in Sources */,
				6E8C5FA92A565EA30047734E /* Dinner.swift in Sources */,
				042EF9AF2A4A7FBA008A5017 /* LunchView.swift in Sources */,
				044A373B2A47175400A5DD11 /* DiaryView.swift in Sources */,
				044A375E2A49271C00A5DD11 /* TakeOurTest2.swift in Sources */,
				0419CBC42A4E797900A757E9 /* PersonalDetail.swift in Sources */,
				6E8C5FD32A565F0D0047734E /* FoodInformation.swift in Sources */,
				6E8C5FA82A565EA30047734E /* TabBar.swift in Sources */,
				6E8C5FF52A579FF20047734E /* Help.swift in Sources */,
				6E8C5FDE2A565F4C0047734E /* View+ConerRadius.swift in Sources */,
				6E8C5FE52A566AB90047734E /* FoodRecipes.swift in Sources */,
				6E8C5FA72A565EA30047734E /* Lunch.swift in Sources */,
				6E8C5FD92A565F0D0047734E /* Bodymeasurements.swift in Sources */,
				6E8C5FD12A565F0D0047734E /* Logo.swift in Sources */,
				044A37452A47179F00A5DD11 /* PlusView.swift in Sources */,
				0419CBC22A4E6A9D00A757E9 /* Customization.swift in Sources */,
				6E8C5FD82A565F0D0047734E /* GoalProgress.swift in Sources */,
				6E8C5FF22A579FF20047734E /* Setting.swift in Sources */,
				044A37292A4716D100A5DD11 /* MainView.swift in Sources */,
				044A37482A4717BA00A5DD11 /* PickerData.swift in Sources */,
				0419CBB92A4BD34900A757E9 /* TakeOurTest3.swift in Sources */,
				0419CBD22A55050500A757E9 /* ProfilePlus.swift in Sources */,
				0419CBCE2A52751200A757E9 /* SearchView.swift in Sources */,
				6E8C5FE32A566A530047734E /* Findfood.swift in Sources */,
				6E8C5FDC2A565F0D0047734E /* weight.swift in Sources */,
				6E8C5FD22A565F0D0047734E /* FoodImage.swift in Sources */,
				6E8C5FD42A565F0D0047734E /* Favorites.swift in Sources */,
				044A37572A47FE0500A5DD11 /* BreakfastView4.swift in Sources */,
				0419CBD72A55119500A757E9 /* DailyIntake.swift in Sources */,
				044A373D2A47176500A5DD11 /* DiaryWater.swift in Sources */,
				044A372E2A4716F900A5DD11 /* FirstStepView.swift in Sources */,
				0419CBBE2A4E641300A757E9 /* SettingView1.swift in Sources */,
				044A36FE2A4716A700A5DD11 /* FirstProjectApp.swift in Sources */,
				0419CBD02A54F68B00A757E9 /* weightPicker.swift in Sources */,
				0419CBC02A4E653D00A757E9 /* Profile.swift in Sources */,
				6E8C5FF32A579FF20047734E /* ImportHealthData.swift in Sources */,
				6E8C5FDA2A565F0D0047734E /* Streaks.swift in Sources */,
				044A37512A472D5500A5DD11 /* BreakfastView.swift in Sources */,
				044A372B2A4716DC00A5DD11 /* firstLoginView.swift in Sources */,
				0419CBC82A52508B00A757E9 /* FoodListView.swift in Sources */,
				6E8C5FDB2A565F0D0047734E /* TopLogo.swift in Sources */,
				6E8C5FAB2A565EA30047734E /* what'sHot.swift in Sources */,
				044A375A2A491F8700A5DD11 /* TakeOurTest.swift in Sources */,
				6E8C5FF42A579FF20047734E /* Social.swift in Sources */,
				044A37552A47FC6500A5DD11 /* BreakfastView3.swift in Sources */,
				0419CBD42A55063F00A757E9 /* ImagePicker.swift in Sources */,
				6E8C5FAC2A565EA30047734E /* Search.swift in Sources */,
				6E8C5FAE2A565EA30047734E /* Breakfast.swift in Sources */,
				044A37432A47179200A5DD11 /* DiaryTitleView.swift in Sources */,
				6E8C5FD62A565F0D0047734E /* Progress.swift in Sources */,
				6E8C5FE72A56DFA00047734E /* FindRecipes.swift in Sources */,
				044A375C2A4922BB00A5DD11 /* TakeOurTest1.swift in Sources */,
			);
			runOnlyForDeploymentPostprocessing = 0;
		};
		044A37062A4716AA00A5DD11 /* Sources */ = {
			isa = PBXSourcesBuildPhase;
			buildActionMask = 2147483647;
			files = (
				044A370F2A4716AA00A5DD11 /* FirstProjectTests.swift in Sources */,
			);
			runOnlyForDeploymentPostprocessing = 0;
		};
		044A37102A4716AA00A5DD11 /* Sources */ = {
			isa = PBXSourcesBuildPhase;
			buildActionMask = 2147483647;
			files = (
				044A37192A4716AA00A5DD11 /* FirstProjectUITests.swift in Sources */,
				044A371B2A4716AA00A5DD11 /* FirstProjectUITestsLaunchTests.swift in Sources */,
			);
			runOnlyForDeploymentPostprocessing = 0;
		};
/* End PBXSourcesBuildPhase section */

/* Begin PBXTargetDependency section */
		044A370C2A4716AA00A5DD11 /* PBXTargetDependency */ = {
			isa = PBXTargetDependency;
			target = 044A36F92A4716A700A5DD11 /* FirstProject */;
			targetProxy = 044A370B2A4716AA00A5DD11 /* PBXContainerItemProxy */;
		};
		044A37162A4716AA00A5DD11 /* PBXTargetDependency */ = {
			isa = PBXTargetDependency;
			target = 044A36F92A4716A700A5DD11 /* FirstProject */;
			targetProxy = 044A37152A4716AA00A5DD11 /* PBXContainerItemProxy */;
		};
/* End PBXTargetDependency section */

/* Begin XCBuildConfiguration section */
		044A371C2A4716AA00A5DD11 /* Debug */ = {
			isa = XCBuildConfiguration;
			buildSettings = {
				ALWAYS_SEARCH_USER_PATHS = NO;
				CLANG_ANALYZER_NONNULL = YES;
				CLANG_ANALYZER_NUMBER_OBJECT_CONVERSION = YES_AGGRESSIVE;
				CLANG_CXX_LANGUAGE_STANDARD = "gnu++20";
				CLANG_ENABLE_MODULES = YES;
				CLANG_ENABLE_OBJC_ARC = YES;
				CLANG_ENABLE_OBJC_WEAK = YES;
				CLANG_WARN_BLOCK_CAPTURE_AUTORELEASING = YES;
				CLANG_WARN_BOOL_CONVERSION = YES;
				CLANG_WARN_COMMA = YES;
				CLANG_WARN_CONSTANT_CONVERSION = YES;
				CLANG_WARN_DEPRECATED_OBJC_IMPLEMENTATIONS = YES;
				CLANG_WARN_DIRECT_OBJC_ISA_USAGE = YES_ERROR;
				CLANG_WARN_DOCUMENTATION_COMMENTS = YES;
				CLANG_WARN_EMPTY_BODY = YES;
				CLANG_WARN_ENUM_CONVERSION = YES;
				CLANG_WARN_INFINITE_RECURSION = YES;
				CLANG_WARN_INT_CONVERSION = YES;
				CLANG_WARN_NON_LITERAL_NULL_CONVERSION = YES;
				CLANG_WARN_OBJC_IMPLICIT_RETAIN_SELF = YES;
				CLANG_WARN_OBJC_LITERAL_CONVERSION = YES;
				CLANG_WARN_OBJC_ROOT_CLASS = YES_ERROR;
				CLANG_WARN_QUOTED_INCLUDE_IN_FRAMEWORK_HEADER = YES;
				CLANG_WARN_RANGE_LOOP_ANALYSIS = YES;
				CLANG_WARN_STRICT_PROTOTYPES = YES;
				CLANG_WARN_SUSPICIOUS_MOVE = YES;
				CLANG_WARN_UNGUARDED_AVAILABILITY = YES_AGGRESSIVE;
				CLANG_WARN_UNREACHABLE_CODE = YES;
				CLANG_WARN__DUPLICATE_METHOD_MATCH = YES;
				COPY_PHASE_STRIP = NO;
				DEBUG_INFORMATION_FORMAT = dwarf;
				ENABLE_STRICT_OBJC_MSGSEND = YES;
				ENABLE_TESTABILITY = YES;
				GCC_C_LANGUAGE_STANDARD = gnu11;
				GCC_DYNAMIC_NO_PIC = NO;
				GCC_NO_COMMON_BLOCKS = YES;
				GCC_OPTIMIZATION_LEVEL = 0;
				GCC_PREPROCESSOR_DEFINITIONS = (
					"DEBUG=1",
					"$(inherited)",
				);
				GCC_WARN_64_TO_32_BIT_CONVERSION = YES;
				GCC_WARN_ABOUT_RETURN_TYPE = YES_ERROR;
				GCC_WARN_UNDECLARED_SELECTOR = YES;
				GCC_WARN_UNINITIALIZED_AUTOS = YES_AGGRESSIVE;
				GCC_WARN_UNUSED_FUNCTION = YES;
				GCC_WARN_UNUSED_VARIABLE = YES;
				IPHONEOS_DEPLOYMENT_TARGET = 16.4;
				MTL_ENABLE_DEBUG_INFO = INCLUDE_SOURCE;
				MTL_FAST_MATH = YES;
				ONLY_ACTIVE_ARCH = YES;
				SDKROOT = iphoneos;
				SWIFT_ACTIVE_COMPILATION_CONDITIONS = DEBUG;
				SWIFT_OPTIMIZATION_LEVEL = "-Onone";
			};
			name = Debug;
		};
		044A371D2A4716AA00A5DD11 /* Release */ = {
			isa = XCBuildConfiguration;
			buildSettings = {
				ALWAYS_SEARCH_USER_PATHS = NO;
				CLANG_ANALYZER_NONNULL = YES;
				CLANG_ANALYZER_NUMBER_OBJECT_CONVERSION = YES_AGGRESSIVE;
				CLANG_CXX_LANGUAGE_STANDARD = "gnu++20";
				CLANG_ENABLE_MODULES = YES;
				CLANG_ENABLE_OBJC_ARC = YES;
				CLANG_ENABLE_OBJC_WEAK = YES;
				CLANG_WARN_BLOCK_CAPTURE_AUTORELEASING = YES;
				CLANG_WARN_BOOL_CONVERSION = YES;
				CLANG_WARN_COMMA = YES;
				CLANG_WARN_CONSTANT_CONVERSION = YES;
				CLANG_WARN_DEPRECATED_OBJC_IMPLEMENTATIONS = YES;
				CLANG_WARN_DIRECT_OBJC_ISA_USAGE = YES_ERROR;
				CLANG_WARN_DOCUMENTATION_COMMENTS = YES;
				CLANG_WARN_EMPTY_BODY = YES;
				CLANG_WARN_ENUM_CONVERSION = YES;
				CLANG_WARN_INFINITE_RECURSION = YES;
				CLANG_WARN_INT_CONVERSION = YES;
				CLANG_WARN_NON_LITERAL_NULL_CONVERSION = YES;
				CLANG_WARN_OBJC_IMPLICIT_RETAIN_SELF = YES;
				CLANG_WARN_OBJC_LITERAL_CONVERSION = YES;
				CLANG_WARN_OBJC_ROOT_CLASS = YES_ERROR;
				CLANG_WARN_QUOTED_INCLUDE_IN_FRAMEWORK_HEADER = YES;
				CLANG_WARN_RANGE_LOOP_ANALYSIS = YES;
				CLANG_WARN_STRICT_PROTOTYPES = YES;
				CLANG_WARN_SUSPICIOUS_MOVE = YES;
				CLANG_WARN_UNGUARDED_AVAILABILITY = YES_AGGRESSIVE;
				CLANG_WARN_UNREACHABLE_CODE = YES;
				CLANG_WARN__DUPLICATE_METHOD_MATCH = YES;
				COPY_PHASE_STRIP = NO;
				DEBUG_INFORMATION_FORMAT = "dwarf-with-dsym";
				ENABLE_NS_ASSERTIONS = NO;
				ENABLE_STRICT_OBJC_MSGSEND = YES;
				GCC_C_LANGUAGE_STANDARD = gnu11;
				GCC_NO_COMMON_BLOCKS = YES;
				GCC_WARN_64_TO_32_BIT_CONVERSION = YES;
				GCC_WARN_ABOUT_RETURN_TYPE = YES_ERROR;
				GCC_WARN_UNDECLARED_SELECTOR = YES;
				GCC_WARN_UNINITIALIZED_AUTOS = YES_AGGRESSIVE;
				GCC_WARN_UNUSED_FUNCTION = YES;
				GCC_WARN_UNUSED_VARIABLE = YES;
				IPHONEOS_DEPLOYMENT_TARGET = 16.4;
				MTL_ENABLE_DEBUG_INFO = NO;
				MTL_FAST_MATH = YES;
				SDKROOT = iphoneos;
				SWIFT_COMPILATION_MODE = wholemodule;
				SWIFT_OPTIMIZATION_LEVEL = "-O";
				VALIDATE_PRODUCT = YES;
			};
			name = Release;
		};
		044A371F2A4716AA00A5DD11 /* Debug */ = {
			isa = XCBuildConfiguration;
			buildSettings = {
				ASSETCATALOG_COMPILER_APPICON_NAME = AppIcon;
				ASSETCATALOG_COMPILER_GLOBAL_ACCENT_COLOR_NAME = AccentColor;
				CODE_SIGN_STYLE = Automatic;
				CURRENT_PROJECT_VERSION = 1;
				DEVELOPMENT_ASSET_PATHS = "\"FirstProject/Preview Content\"";
				DEVELOPMENT_TEAM = 55KRWT48WZ;
				ENABLE_PREVIEWS = YES;
				GENERATE_INFOPLIST_FILE = YES;
				INFOPLIST_FILE = FirstProject/Info.plist;
				INFOPLIST_KEY_CFBundleDisplayName = "";
				INFOPLIST_KEY_LSApplicationCategoryType = "";
				INFOPLIST_KEY_NSCameraUsageDescription = "Please Allow SwiftUI Appability to access camera";
				INFOPLIST_KEY_UIApplicationSceneManifest_Generation = YES;
				INFOPLIST_KEY_UIApplicationSupportsIndirectInputEvents = YES;
				INFOPLIST_KEY_UILaunchScreen_Generation = YES;
				INFOPLIST_KEY_UISupportedInterfaceOrientations_iPad = "UIInterfaceOrientationPortrait UIInterfaceOrientationPortraitUpsideDown UIInterfaceOrientationLandscapeLeft UIInterfaceOrientationLandscapeRight";
				INFOPLIST_KEY_UISupportedInterfaceOrientations_iPhone = "UIInterfaceOrientationPortrait UIInterfaceOrientationLandscapeLeft UIInterfaceOrientationLandscapeRight";
				IPHONEOS_DEPLOYMENT_TARGET = 16.3;
				LD_RUNPATH_SEARCH_PATHS = (
					"$(inherited)",
					"@executable_path/Frameworks",
				);
				MARKETING_VERSION = 1.0;
				PRODUCT_BUNDLE_IDENTIFIER = com.dasul.FirstProject;
				PRODUCT_NAME = "$(TARGET_NAME)";
				SWIFT_EMIT_LOC_STRINGS = YES;
				SWIFT_VERSION = 5.0;
				TARGETED_DEVICE_FAMILY = "1,2";
			};
			name = Debug;
		};
		044A37202A4716AA00A5DD11 /* Release */ = {
			isa = XCBuildConfiguration;
			buildSettings = {
				ASSETCATALOG_COMPILER_APPICON_NAME = AppIcon;
				ASSETCATALOG_COMPILER_GLOBAL_ACCENT_COLOR_NAME = AccentColor;
				CODE_SIGN_STYLE = Automatic;
				CURRENT_PROJECT_VERSION = 1;
				DEVELOPMENT_ASSET_PATHS = "\"FirstProject/Preview Content\"";
				DEVELOPMENT_TEAM = 55KRWT48WZ;
				ENABLE_PREVIEWS = YES;
				GENERATE_INFOPLIST_FILE = YES;
				INFOPLIST_FILE = FirstProject/Info.plist;
				INFOPLIST_KEY_CFBundleDisplayName = "";
				INFOPLIST_KEY_LSApplicationCategoryType = "";
				INFOPLIST_KEY_NSCameraUsageDescription = "Please Allow SwiftUI Appability to access camera";
				INFOPLIST_KEY_UIApplicationSceneManifest_Generation = YES;
				INFOPLIST_KEY_UIApplicationSupportsIndirectInputEvents = YES;
				INFOPLIST_KEY_UILaunchScreen_Generation = YES;
				INFOPLIST_KEY_UISupportedInterfaceOrientations_iPad = "UIInterfaceOrientationPortrait UIInterfaceOrientationPortraitUpsideDown UIInterfaceOrientationLandscapeLeft UIInterfaceOrientationLandscapeRight";
				INFOPLIST_KEY_UISupportedInterfaceOrientations_iPhone = "UIInterfaceOrientationPortrait UIInterfaceOrientationLandscapeLeft UIInterfaceOrientationLandscapeRight";
				IPHONEOS_DEPLOYMENT_TARGET = 16.3;
				LD_RUNPATH_SEARCH_PATHS = (
					"$(inherited)",
					"@executable_path/Frameworks",
				);
				MARKETING_VERSION = 1.0;
				PRODUCT_BUNDLE_IDENTIFIER = com.dasul.FirstProject;
				PRODUCT_NAME = "$(TARGET_NAME)";
				SWIFT_EMIT_LOC_STRINGS = YES;
				SWIFT_VERSION = 5.0;
				TARGETED_DEVICE_FAMILY = "1,2";
			};
			name = Release;
		};
		044A37222A4716AA00A5DD11 /* Debug */ = {
			isa = XCBuildConfiguration;
			buildSettings = {
				ALWAYS_EMBED_SWIFT_STANDARD_LIBRARIES = YES;
				BUNDLE_LOADER = "$(TEST_HOST)";
				CODE_SIGN_STYLE = Automatic;
				CURRENT_PROJECT_VERSION = 1;
				GENERATE_INFOPLIST_FILE = YES;
				IPHONEOS_DEPLOYMENT_TARGET = 16.4;
				MARKETING_VERSION = 1.0;
				PRODUCT_BUNDLE_IDENTIFIER = com.dasul.FirstProjectTests;
				PRODUCT_NAME = "$(TARGET_NAME)";
				SWIFT_EMIT_LOC_STRINGS = NO;
				SWIFT_VERSION = 5.0;
				TARGETED_DEVICE_FAMILY = "1,2";
				TEST_HOST = "$(BUILT_PRODUCTS_DIR)/FirstProject.app/$(BUNDLE_EXECUTABLE_FOLDER_PATH)/FirstProject";
			};
			name = Debug;
		};
		044A37232A4716AA00A5DD11 /* Release */ = {
			isa = XCBuildConfiguration;
			buildSettings = {
				ALWAYS_EMBED_SWIFT_STANDARD_LIBRARIES = YES;
				BUNDLE_LOADER = "$(TEST_HOST)";
				CODE_SIGN_STYLE = Automatic;
				CURRENT_PROJECT_VERSION = 1;
				GENERATE_INFOPLIST_FILE = YES;
				IPHONEOS_DEPLOYMENT_TARGET = 16.4;
				MARKETING_VERSION = 1.0;
				PRODUCT_BUNDLE_IDENTIFIER = com.dasul.FirstProjectTests;
				PRODUCT_NAME = "$(TARGET_NAME)";
				SWIFT_EMIT_LOC_STRINGS = NO;
				SWIFT_VERSION = 5.0;
				TARGETED_DEVICE_FAMILY = "1,2";
				TEST_HOST = "$(BUILT_PRODUCTS_DIR)/FirstProject.app/$(BUNDLE_EXECUTABLE_FOLDER_PATH)/FirstProject";
			};
			name = Release;
		};
		044A37252A4716AA00A5DD11 /* Debug */ = {
			isa = XCBuildConfiguration;
			buildSettings = {
				ALWAYS_EMBED_SWIFT_STANDARD_LIBRARIES = YES;
				CODE_SIGN_STYLE = Automatic;
				CURRENT_PROJECT_VERSION = 1;
				GENERATE_INFOPLIST_FILE = YES;
				MARKETING_VERSION = 1.0;
				PRODUCT_BUNDLE_IDENTIFIER = com.dasul.FirstProjectUITests;
				PRODUCT_NAME = "$(TARGET_NAME)";
				SWIFT_EMIT_LOC_STRINGS = NO;
				SWIFT_VERSION = 5.0;
				TARGETED_DEVICE_FAMILY = "1,2";
				TEST_TARGET_NAME = FirstProject;
			};
			name = Debug;
		};
		044A37262A4716AA00A5DD11 /* Release */ = {
			isa = XCBuildConfiguration;
			buildSettings = {
				ALWAYS_EMBED_SWIFT_STANDARD_LIBRARIES = YES;
				CODE_SIGN_STYLE = Automatic;
				CURRENT_PROJECT_VERSION = 1;
				GENERATE_INFOPLIST_FILE = YES;
				MARKETING_VERSION = 1.0;
				PRODUCT_BUNDLE_IDENTIFIER = com.dasul.FirstProjectUITests;
				PRODUCT_NAME = "$(TARGET_NAME)";
				SWIFT_EMIT_LOC_STRINGS = NO;
				SWIFT_VERSION = 5.0;
				TARGETED_DEVICE_FAMILY = "1,2";
				TEST_TARGET_NAME = FirstProject;
			};
			name = Release;
		};
/* End XCBuildConfiguration section */

/* Begin XCConfigurationList section */
		044A36F52A4716A700A5DD11 /* Build configuration list for PBXProject "FirstProject" */ = {
			isa = XCConfigurationList;
			buildConfigurations = (
				044A371C2A4716AA00A5DD11 /* Debug */,
				044A371D2A4716AA00A5DD11 /* Release */,
			);
			defaultConfigurationIsVisible = 0;
			defaultConfigurationName = Release;
		};
		044A371E2A4716AA00A5DD11 /* Build configuration list for PBXNativeTarget "FirstProject" */ = {
			isa = XCConfigurationList;
			buildConfigurations = (
				044A371F2A4716AA00A5DD11 /* Debug */,
				044A37202A4716AA00A5DD11 /* Release */,
			);
			defaultConfigurationIsVisible = 0;
			defaultConfigurationName = Release;
		};
		044A37212A4716AA00A5DD11 /* Build configuration list for PBXNativeTarget "FirstProjectTests" */ = {
			isa = XCConfigurationList;
			buildConfigurations = (
				044A37222A4716AA00A5DD11 /* Debug */,
				044A37232A4716AA00A5DD11 /* Release */,
			);
			defaultConfigurationIsVisible = 0;
			defaultConfigurationName = Release;
		};
		044A37242A4716AA00A5DD11 /* Build configuration list for PBXNativeTarget "FirstProjectUITests" */ = {
			isa = XCConfigurationList;
			buildConfigurations = (
				044A37252A4716AA00A5DD11 /* Debug */,
				044A37262A4716AA00A5DD11 /* Release */,
			);
			defaultConfigurationIsVisible = 0;
			defaultConfigurationName = Release;
		};
/* End XCConfigurationList section */
	};
	rootObject = 044A36F22A4716A700A5DD11 /* Project object */;
}
